// !$*UTF8*$!
{
	archiveVersion = 1;
	classes = {
	};
	objectVersion = 46;
	objects = {

/* Begin PBXBuildFile section */
		969D181116E07485009E7D3B /* libPayPalMPL.a in Frameworks */ = {isa = PBXBuildFile; fileRef = 969D180616E07485009E7D3B /* libPayPalMPL.a */; };
		969D181616E074F4009E7D3B /* PDDonationsViewController.m in Sources */ = {isa = PBXBuildFile; fileRef = 969D181416E074F4009E7D3B /* PDDonationsViewController.m */; };
		969D181716E074F4009E7D3B /* PDDonationsViewController.xib in Resources */ = {isa = PBXBuildFile; fileRef = 969D181516E074F4009E7D3B /* PDDonationsViewController.xib */; };
		969D181E16E07EE3009E7D3B /* libxml2.2.dylib in Frameworks */ = {isa = PBXBuildFile; fileRef = 969D181D16E07EE3009E7D3B /* libxml2.2.dylib */; };
		969D182016E07EF3009E7D3B /* Security.framework in Frameworks */ = {isa = PBXBuildFile; fileRef = 969D181F16E07EF3009E7D3B /* Security.framework */; };
		969D182216E07F01009E7D3B /* libz.dylib in Frameworks */ = {isa = PBXBuildFile; fileRef = 969D182116E07F01009E7D3B /* libz.dylib */; };
		969D182F16E0846D009E7D3B /* SuccessViewController.m in Sources */ = {isa = PBXBuildFile; fileRef = 969D182D16E08406009E7D3B /* SuccessViewController.m */; };
		B61A534F16F148BB009BD664 /* OHAttributedLabel.m in Sources */ = {isa = PBXBuildFile; fileRef = B61A534016F148BB009BD664 /* OHAttributedLabel.m */; };
		B61A535016F148BB009BD664 /* OHParagraphStyle.m in Sources */ = {isa = PBXBuildFile; fileRef = B61A534216F148BB009BD664 /* OHParagraphStyle.m */; };
		B61A535116F148BB009BD664 /* NSAttributedString+Attributes.m in Sources */ = {isa = PBXBuildFile; fileRef = B61A534416F148BB009BD664 /* NSAttributedString+Attributes.m */; };
		B61A535216F148BB009BD664 /* NSTextCheckingResult+ExtendedURL.m in Sources */ = {isa = PBXBuildFile; fileRef = B61A534616F148BB009BD664 /* NSTextCheckingResult+ExtendedURL.m */; };
		B61A535316F148BB009BD664 /* OHASMarkupParserBase.m in Sources */ = {isa = PBXBuildFile; fileRef = B61A534816F148BB009BD664 /* OHASMarkupParserBase.m */; };
		B61A535416F148BB009BD664 /* OHASBasicHTMLParser.m in Sources */ = {isa = PBXBuildFile; fileRef = B61A534A16F148BB009BD664 /* OHASBasicHTMLParser.m */; };
		B61A535516F148BB009BD664 /* OHASBasicMarkupParser.m in Sources */ = {isa = PBXBuildFile; fileRef = B61A534C16F148BB009BD664 /* OHASBasicMarkupParser.m */; };
		B61A535616F148BB009BD664 /* CoreTextUtils.m in Sources */ = {isa = PBXBuildFile; fileRef = B61A534E16F148BB009BD664 /* CoreTextUtils.m */; };
		B61A535916F14903009BD664 /* CoreText.framework in Frameworks */ = {isa = PBXBuildFile; fileRef = B61A535816F14903009BD664 /* CoreText.framework */; };
		B61A537916F3D69E009BD664 /* PDChooseNewsViewController.m in Sources */ = {isa = PBXBuildFile; fileRef = B61A537716F3D69D009BD664 /* PDChooseNewsViewController.m */; };
		B61A537A16F3D69E009BD664 /* PDChooseNewsViewController.xib in Resources */ = {isa = PBXBuildFile; fileRef = B61A537816F3D69E009BD664 /* PDChooseNewsViewController.xib */; };
		B61A537D16F3DCD2009BD664 /* PDNewsViewController.m in Sources */ = {isa = PBXBuildFile; fileRef = B61A537C16F3DCD2009BD664 /* PDNewsViewController.m */; };
		B61A538016F79E5D009BD664 /* news.png in Resources */ = {isa = PBXBuildFile; fileRef = B61A537E16F79E5D009BD664 /* news.png */; };
		B61A538116F79E5D009BD664 /* news@2x.png in Resources */ = {isa = PBXBuildFile; fileRef = B61A537F16F79E5D009BD664 /* news@2x.png */; };
		B61A538416F79F32009BD664 /* twitter-icon@2x.png in Resources */ = {isa = PBXBuildFile; fileRef = B61A538216F79F32009BD664 /* twitter-icon@2x.png */; };
		B61A538516F79F32009BD664 /* twitter-icon.png in Resources */ = {isa = PBXBuildFile; fileRef = B61A538316F79F32009BD664 /* twitter-icon.png */; };
		B62A65A41599393B007EB20D /* AssetsLibrary.framework in Frameworks */ = {isa = PBXBuildFile; fileRef = B62A65A31599393B007EB20D /* AssetsLibrary.framework */; };
		B631765A1578235B00B12331 /* PDPoem.m in Sources */ = {isa = PBXBuildFile; fileRef = B63176591578235B00B12331 /* PDPoem.m */; };
		B631765C157824F700B12331 /* CoreData.framework in Frameworks */ = {isa = PBXBuildFile; fileRef = B631765B157824F700B12331 /* CoreData.framework */; };
		B63176601578258E00B12331 /* PDMediaServer.m in Sources */ = {isa = PBXBuildFile; fileRef = B631765F1578258D00B12331 /* PDMediaServer.m */; };
		B631769815782D1100B12331 /* PDCachedDataController.m in Sources */ = {isa = PBXBuildFile; fileRef = B631769715782D1100B12331 /* PDCachedDataController.m */; };
		B631769B15782D9000B12331 /* PDConstants.m in Sources */ = {isa = PBXBuildFile; fileRef = B631769A15782D8F00B12331 /* PDConstants.m */; };
		B631769E157830EB00B12331 /* PDFavoritesViewController.m in Sources */ = {isa = PBXBuildFile; fileRef = B631769D157830EB00B12331 /* PDFavoritesViewController.m */; };
		B63176A01578311E00B12331 /* PDFavoritesViewController.xib in Resources */ = {isa = PBXBuildFile; fileRef = B631769F1578311E00B12331 /* PDFavoritesViewController.xib */; };
		B63176A21578342B00B12331 /* QuartzCore.framework in Frameworks */ = {isa = PBXBuildFile; fileRef = B63176A11578342B00B12331 /* QuartzCore.framework */; };
		B6352F9C168FCBCB0028344C /* NSURL+DTUnshorten.m in Sources */ = {isa = PBXBuildFile; fileRef = B6352F9B168FCBCB0028344C /* NSURL+DTUnshorten.m */; };
		B64C28C816EAB37300AD34D5 /* fullscreen_alt_16x16.png in Resources */ = {isa = PBXBuildFile; fileRef = B64C28C616EAB37300AD34D5 /* fullscreen_alt_16x16.png */; };
		B64C28C916EAB37300AD34D5 /* fullscreen_alt_16x16@2x.png in Resources */ = {isa = PBXBuildFile; fileRef = B64C28C716EAB37300AD34D5 /* fullscreen_alt_16x16@2x.png */; };
		B64C28CB16EAB50000AD34D5 /* mfa.gif in Resources */ = {isa = PBXBuildFile; fileRef = B64C28CA16EAB50000AD34D5 /* mfa.gif */; };
		B65D268716E6B51A00F93C19 /* paper_new.png in Resources */ = {isa = PBXBuildFile; fileRef = B65D268516E6B51A00F93C19 /* paper_new.png */; };
		B65D268816E6B51A00F93C19 /* paper_new@2X.png in Resources */ = {isa = PBXBuildFile; fileRef = B65D268616E6B51A00F93C19 /* paper_new@2X.png */; };
		B65D268B16E6B94600F93C19 /* arrow_right.png in Resources */ = {isa = PBXBuildFile; fileRef = B65D268916E6B94500F93C19 /* arrow_right.png */; };
		B65D268C16E6B94600F93C19 /* arrow_left.png in Resources */ = {isa = PBXBuildFile; fileRef = B65D268A16E6B94600F93C19 /* arrow_left.png */; };
		B65D268F16E6CCC800F93C19 /* nav_icon_ios_more@2x.png in Resources */ = {isa = PBXBuildFile; fileRef = B65D268D16E6CCC800F93C19 /* nav_icon_ios_more@2x.png */; };
		B65D269016E6CCC800F93C19 /* nav_icon_ios_more.png in Resources */ = {isa = PBXBuildFile; fileRef = B65D268E16E6CCC800F93C19 /* nav_icon_ios_more.png */; };
		B65D269416E6D9DE00F93C19 /* PDAboutPDViewController.m in Sources */ = {isa = PBXBuildFile; fileRef = B65D269216E6D9DE00F93C19 /* PDAboutPDViewController.m */; };
		B65D269516E6D9DE00F93C19 /* PDAboutPDViewController.xib in Resources */ = {isa = PBXBuildFile; fileRef = B65D269316E6D9DE00F93C19 /* PDAboutPDViewController.xib */; };
		B65D269716E6DA0D00F93C19 /* about.html in Resources */ = {isa = PBXBuildFile; fileRef = B65D269616E6DA0D00F93C19 /* about.html */; };
		B65D269916E6DD3A00F93C19 /* sig_combo.png in Resources */ = {isa = PBXBuildFile; fileRef = B65D269816E6DD3A00F93C19 /* sig_combo.png */; };
		B65D269B16E6DD4700F93C19 /* lvl2_logo.gif in Resources */ = {isa = PBXBuildFile; fileRef = B65D269A16E6DD4700F93C19 /* lvl2_logo.gif */; };
		B65D269E16E6DF6000F93C19 /* light_honeycomb_@2X.png in Resources */ = {isa = PBXBuildFile; fileRef = B65D269C16E6DF6000F93C19 /* light_honeycomb_@2X.png */; };
		B65D269F16E6DF6000F93C19 /* light_honeycomb.png in Resources */ = {isa = PBXBuildFile; fileRef = B65D269D16E6DF6000F93C19 /* light_honeycomb.png */; };
		B66D4BE4157D6AC6005830A4 /* PDFavoritesCoverFlowViewController.m in Sources */ = {isa = PBXBuildFile; fileRef = B66D4BE2157D6AC6005830A4 /* PDFavoritesCoverFlowViewController.m */; };
		B66D4BE5157D6AC6005830A4 /* PDFavoritesCoverFlowViewController.xib in Resources */ = {isa = PBXBuildFile; fileRef = B66D4BE3157D6AC6005830A4 /* PDFavoritesCoverFlowViewController.xib */; };
		B66D4BE9157D6BB6005830A4 /* PDFavoriteView.m in Sources */ = {isa = PBXBuildFile; fileRef = B66D4BE8157D6BB6005830A4 /* PDFavoriteView.m */; };
		B66D4BEB157D74ED005830A4 /* favoriteStar.png in Resources */ = {isa = PBXBuildFile; fileRef = B66D4BEA157D74ED005830A4 /* favoriteStar.png */; };
		B66D4BED157D7559005830A4 /* unfilledFavoriteStar.png in Resources */ = {isa = PBXBuildFile; fileRef = B66D4BEC157D7559005830A4 /* unfilledFavoriteStar.png */; };
		B66D4BEF157D789E005830A4 /* plumlystanley.jpeg in Resources */ = {isa = PBXBuildFile; fileRef = B66D4BEE157D789E005830A4 /* plumlystanley.jpeg */; };
		B66D4BF1157D7938005830A4 /* kenny-powers-accessories_large.png in Resources */ = {isa = PBXBuildFile; fileRef = B66D4BF0157D7937005830A4 /* kenny-powers-accessories_large.png */; };
		B66D4BF5157D8A9A005830A4 /* PDBrowseAllPoemsViewController.m in Sources */ = {isa = PBXBuildFile; fileRef = B66D4BF3157D8A9A005830A4 /* PDBrowseAllPoemsViewController.m */; };
		B66D4BF6157D8A9A005830A4 /* PDBrowseAllPoemsViewController.xib in Resources */ = {isa = PBXBuildFile; fileRef = B66D4BF4157D8A9A005830A4 /* PDBrowseAllPoemsViewController.xib */; };
		B66D4C0C157EAE84005830A4 /* 33-cabinet.png in Resources */ = {isa = PBXBuildFile; fileRef = B66D4C09157EAE84005830A4 /* 33-cabinet.png */; };
		B66D4C0D157EAE84005830A4 /* 28-star.png in Resources */ = {isa = PBXBuildFile; fileRef = B66D4C0A157EAE84005830A4 /* 28-star.png */; };
		B66D4C0E157EAE84005830A4 /* 53-house.png in Resources */ = {isa = PBXBuildFile; fileRef = B66D4C0B157EAE84005830A4 /* 53-house.png */; };
		B66D4C15157EB954005830A4 /* PDSocialMediaController.m in Sources */ = {isa = PBXBuildFile; fileRef = B66D4C14157EB954005830A4 /* PDSocialMediaController.m */; };
		B66D4C18157EBBC8005830A4 /* PDTweet.m in Sources */ = {isa = PBXBuildFile; fileRef = B66D4C17157EBBC8005830A4 /* PDTweet.m */; };
		B66D4C1E157EBCFB005830A4 /* Twitter.framework in Frameworks */ = {isa = PBXBuildFile; fileRef = B66D4C1D157EBCFB005830A4 /* Twitter.framework */; };
		B66D4C22157EBF38005830A4 /* PDTwitterViewController.m in Sources */ = {isa = PBXBuildFile; fileRef = B66D4C20157EBF35005830A4 /* PDTwitterViewController.m */; };
		B66D4C23157EBF38005830A4 /* PDTwitterViewController.xib in Resources */ = {isa = PBXBuildFile; fileRef = B66D4C21157EBF37005830A4 /* PDTwitterViewController.xib */; };
		B66D4C31157ED20D005830A4 /* MessageUI.framework in Frameworks */ = {isa = PBXBuildFile; fileRef = B66D4C30157ED20D005830A4 /* MessageUI.framework */; };
		B66D4C37157EFF31005830A4 /* tab_bg.png in Resources */ = {isa = PBXBuildFile; fileRef = B66D4C36157EFF31005830A4 /* tab_bg.png */; };
		B66D4C7215801F15005830A4 /* paper.png in Resources */ = {isa = PBXBuildFile; fileRef = B66D4C7115801F14005830A4 /* paper.png */; };
		B66D4C7415802025005830A4 /* natural_paper.png in Resources */ = {isa = PBXBuildFile; fileRef = B66D4C7315802024005830A4 /* natural_paper.png */; };
		B66D4C761580209B005830A4 /* lightpaperfibers.png in Resources */ = {isa = PBXBuildFile; fileRef = B66D4C751580209B005830A4 /* lightpaperfibers.png */; };
		B66D4C78158021A2005830A4 /* spechbubble_sq_line.png in Resources */ = {isa = PBXBuildFile; fileRef = B66D4C77158021A1005830A4 /* spechbubble_sq_line.png */; };
		B66D4C7A158021C5005830A4 /* spechbubble_sq_line_black.png in Resources */ = {isa = PBXBuildFile; fileRef = B66D4C79158021C5005830A4 /* spechbubble_sq_line_black.png */; };
		B66EA87616E152640086BE64 /* PDHomeViewController-iPad.xib in Resources */ = {isa = PBXBuildFile; fileRef = B66EA87516E152640086BE64 /* PDHomeViewController-iPad.xib */; };
		B66EA87F16E549800086BE64 /* QBFlatButton.m in Sources */ = {isa = PBXBuildFile; fileRef = B66EA87E16E549800086BE64 /* QBFlatButton.m */; };
		B670F6571534CCB20045906A /* UIKit.framework in Frameworks */ = {isa = PBXBuildFile; fileRef = B670F6561534CCB20045906A /* UIKit.framework */; };
		B670F6591534CCB20045906A /* Foundation.framework in Frameworks */ = {isa = PBXBuildFile; fileRef = B670F6581534CCB20045906A /* Foundation.framework */; };
		B670F65B1534CCB20045906A /* CoreGraphics.framework in Frameworks */ = {isa = PBXBuildFile; fileRef = B670F65A1534CCB20045906A /* CoreGraphics.framework */; };
		B670F6611534CCB20045906A /* InfoPlist.strings in Resources */ = {isa = PBXBuildFile; fileRef = B670F65F1534CCB20045906A /* InfoPlist.strings */; };
		B670F6631534CCB20045906A /* main.m in Sources */ = {isa = PBXBuildFile; fileRef = B670F6621534CCB20045906A /* main.m */; };
		B670F6671534CCB30045906A /* PDAppDelegate.m in Sources */ = {isa = PBXBuildFile; fileRef = B670F6661534CCB30045906A /* PDAppDelegate.m */; };
		B670F66C1534CCB30045906A /* first.png in Resources */ = {isa = PBXBuildFile; fileRef = B670F66B1534CCB30045906A /* first.png */; };
		B670F66E1534CCB30045906A /* first@2x.png in Resources */ = {isa = PBXBuildFile; fileRef = B670F66D1534CCB30045906A /* first@2x.png */; };
		B670F6731534CCB30045906A /* second.png in Resources */ = {isa = PBXBuildFile; fileRef = B670F6721534CCB30045906A /* second.png */; };
		B670F6751534CCB30045906A /* second@2x.png in Resources */ = {isa = PBXBuildFile; fileRef = B670F6741534CCB30045906A /* second@2x.png */; };
		B67EA451168D037D008C59F5 /* Default-568h@2x.png in Resources */ = {isa = PBXBuildFile; fileRef = B67EA450168D037D008C59F5 /* Default-568h@2x.png */; };
		B6919A6A156F012700DA70C2 /* SVProgressHUD.bundle in Resources */ = {isa = PBXBuildFile; fileRef = B6919A67156F012700DA70C2 /* SVProgressHUD.bundle */; };
		B6919A6B156F012700DA70C2 /* SVProgressHUD.m in Sources */ = {isa = PBXBuildFile; fileRef = B6919A69156F012700DA70C2 /* SVProgressHUD.m */; settings = {COMPILER_FLAGS = "-fno-objc-arc"; }; };
		B6919A6F156F01B600DA70C2 /* PDHomeViewController.m in Sources */ = {isa = PBXBuildFile; fileRef = B6919A6D156F01B600DA70C2 /* PDHomeViewController.m */; };
		B6919A70156F01B600DA70C2 /* PDHomeViewController.xib in Resources */ = {isa = PBXBuildFile; fileRef = B6919A6E156F01B600DA70C2 /* PDHomeViewController.xib */; };
		B6919A74156F028200DA70C2 /* PDMainPoemViewController.m in Sources */ = {isa = PBXBuildFile; fileRef = B6919A72156F028200DA70C2 /* PDMainPoemViewController.m */; };
		B6919A75156F028200DA70C2 /* PDMainPoemViewController.xib in Resources */ = {isa = PBXBuildFile; fileRef = B6919A73156F028200DA70C2 /* PDMainPoemViewController.xib */; };
		B697941F158A87DA0031162B /* NSDate+PDAdditions.m in Sources */ = {isa = PBXBuildFile; fileRef = B697941E158A87DA0031162B /* NSDate+PDAdditions.m */; };
		B6979421158AA3930031162B /* 23-bird.png in Resources */ = {isa = PBXBuildFile; fileRef = B6979420158AA3930031162B /* 23-bird.png */; };
		B6979458158AA8C00031162B /* PDLogo.png in Resources */ = {isa = PBXBuildFile; fileRef = B6979457158AA8C00031162B /* PDLogo.png */; };
		B69BA95F16A8A81800708524 /* AFHTTPClient.m in Sources */ = {isa = PBXBuildFile; fileRef = B69BA94D16A8A81800708524 /* AFHTTPClient.m */; };
		B69BA96016A8A81800708524 /* AFHTTPRequestOperation.m in Sources */ = {isa = PBXBuildFile; fileRef = B69BA94F16A8A81800708524 /* AFHTTPRequestOperation.m */; };
		B69BA96116A8A81800708524 /* AFImageRequestOperation.m in Sources */ = {isa = PBXBuildFile; fileRef = B69BA95116A8A81800708524 /* AFImageRequestOperation.m */; };
		B69BA96216A8A81800708524 /* AFJSONRequestOperation.m in Sources */ = {isa = PBXBuildFile; fileRef = B69BA95316A8A81800708524 /* AFJSONRequestOperation.m */; };
		B69BA96316A8A81800708524 /* AFNetworkActivityIndicatorManager.m in Sources */ = {isa = PBXBuildFile; fileRef = B69BA95516A8A81800708524 /* AFNetworkActivityIndicatorManager.m */; };
		B69BA96416A8A81800708524 /* AFPropertyListRequestOperation.m in Sources */ = {isa = PBXBuildFile; fileRef = B69BA95816A8A81800708524 /* AFPropertyListRequestOperation.m */; };
		B69BA96516A8A81800708524 /* AFURLConnectionOperation.m in Sources */ = {isa = PBXBuildFile; fileRef = B69BA95A16A8A81800708524 /* AFURLConnectionOperation.m */; };
		B69BA96616A8A81800708524 /* AFXMLRequestOperation.m in Sources */ = {isa = PBXBuildFile; fileRef = B69BA95C16A8A81800708524 /* AFXMLRequestOperation.m */; };
		B69BA96716A8A81800708524 /* UIImageView+AFNetworking.m in Sources */ = {isa = PBXBuildFile; fileRef = B69BA95E16A8A81800708524 /* UIImageView+AFNetworking.m */; };
		B6AF256316E7F8EB009E18BB /* PDModel.xcdatamodeld in Sources */ = {isa = PBXBuildFile; fileRef = B6AF256116E7F8EB009E18BB /* PDModel.xcdatamodeld */; };
		B6AF257A16E7FAC0009E18BB /* SVWebViewController.strings in Resources */ = {isa = PBXBuildFile; fileRef = B6AF256516E7FAC0009E18BB /* SVWebViewController.strings */; };
		B6AF257B16E7FAC0009E18BB /* SVWebViewController.strings in Resources */ = {isa = PBXBuildFile; fileRef = B6AF256816E7FAC0009E18BB /* SVWebViewController.strings */; };
		B6AF257C16E7FAC0009E18BB /* SVWebViewController.strings in Resources */ = {isa = PBXBuildFile; fileRef = B6AF256B16E7FAC0009E18BB /* SVWebViewController.strings */; };
		B6AF257D16E7FAC0009E18BB /* SVWebViewController.strings in Resources */ = {isa = PBXBuildFile; fileRef = B6AF256E16E7FAC0009E18BB /* SVWebViewController.strings */; };
		B6AF257E16E7FAC0009E18BB /* SVModalWebViewController.m in Sources */ = {isa = PBXBuildFile; fileRef = B6AF257016E7FAC0009E18BB /* SVModalWebViewController.m */; };
		B6AF257F16E7FAC0009E18BB /* SVWebViewController.bundle in Resources */ = {isa = PBXBuildFile; fileRef = B6AF257116E7FAC0009E18BB /* SVWebViewController.bundle */; };
		B6AF258016E7FAC0009E18BB /* SVWebViewController.m in Sources */ = {isa = PBXBuildFile; fileRef = B6AF257316E7FAC0009E18BB /* SVWebViewController.m */; };
		B6AF258116E7FAC0009E18BB /* SVWebViewController.strings in Resources */ = {isa = PBXBuildFile; fileRef = B6AF257516E7FAC0009E18BB /* SVWebViewController.strings */; };
		B6AF258216E7FAC0009E18BB /* SVWebViewController.strings in Resources */ = {isa = PBXBuildFile; fileRef = B6AF257816E7FAC0009E18BB /* SVWebViewController.strings */; };
		B6AF26B716E82FFD009E18BB /* PDFeatureViewController.m in Sources */ = {isa = PBXBuildFile; fileRef = B6AF26B516E82FFD009E18BB /* PDFeatureViewController.m */; };
		B6AF26B816E82FFD009E18BB /* PDFeatureViewController.xib in Resources */ = {isa = PBXBuildFile; fileRef = B6AF26B616E82FFD009E18BB /* PDFeatureViewController.xib */; };
		B6AF26BC16E86879009E18BB /* PDTViewController.m in Sources */ = {isa = PBXBuildFile; fileRef = B6AF26BB16E86879009E18BB /* PDTViewController.m */; };
		B6AF26C016E8752E009E18BB /* arrow.png in Resources */ = {isa = PBXBuildFile; fileRef = B6AF26BD16E8752D009E18BB /* arrow.png */; };
		B6AF26C116E8752E009E18BB /* PullRefreshTableViewController.m in Sources */ = {isa = PBXBuildFile; fileRef = B6AF26BF16E8752D009E18BB /* PullRefreshTableViewController.m */; settings = {COMPILER_FLAGS = "-fno-objc-arc"; }; };
		B6AF26C616E951F5009E18BB /* Appirater.m in Sources */ = {isa = PBXBuildFile; fileRef = B6AF26C416E951F5009E18BB /* Appirater.m */; };
		B6AF26C816E95298009E18BB /* StoreKit.framework in Frameworks */ = {isa = PBXBuildFile; fileRef = B6AF26C716E95297009E18BB /* StoreKit.framework */; settings = {ATTRIBUTES = (Weak, ); }; };
		B6AF26CA16E952BA009E18BB /* CFNetwork.framework in Frameworks */ = {isa = PBXBuildFile; fileRef = B6AF26C916E952B9009E18BB /* CFNetwork.framework */; };
		B6AF26CC16E952C6009E18BB /* SystemConfiguration.framework in Frameworks */ = {isa = PBXBuildFile; fileRef = B6AF26CB16E952C5009E18BB /* SystemConfiguration.framework */; };
		B6AF26D316E95903009E18BB /* list_16x14@2x.png in Resources */ = {isa = PBXBuildFile; fileRef = B6AF26CF16E95903009E18BB /* list_16x14@2x.png */; };
		B6AF26D416E95903009E18BB /* calendar_alt_fill_16x16.png in Resources */ = {isa = PBXBuildFile; fileRef = B6AF26D016E95903009E18BB /* calendar_alt_fill_16x16.png */; };
		B6AF26D716E9591A009E18BB /* calendar_alt_fill_16x16@2x.png in Resources */ = {isa = PBXBuildFile; fileRef = B6AF26D616E9591A009E18BB /* calendar_alt_fill_16x16@2x.png */; };
		B6AF26D916E96027009E18BB /* list_16x14.png in Resources */ = {isa = PBXBuildFile; fileRef = B6AF26D816E96027009E18BB /* list_16x14.png */; };
		B6AF26DB16E9741C009E18BB /* arrow_new.png in Resources */ = {isa = PBXBuildFile; fileRef = B6AF26DA16E9741B009E18BB /* arrow_new.png */; };
		B6AF272A16EA96F6009E18BB /* iCarousel.m in Sources */ = {isa = PBXBuildFile; fileRef = B6AF272916EA96F6009E18BB /* iCarousel.m */; };
		B6AF273016EA9717009E18BB /* black-Linen@2X.png in Resources */ = {isa = PBXBuildFile; fileRef = B6AF272B16EA9710009E18BB /* black-Linen@2X.png */; };
		B6AF273116EA9717009E18BB /* black-Linen.png in Resources */ = {isa = PBXBuildFile; fileRef = B6AF272C16EA9711009E18BB /* black-Linen.png */; };
		B6AF273216EA9717009E18BB /* lannan.gif in Resources */ = {isa = PBXBuildFile; fileRef = B6AF272D16EA9712009E18BB /* lannan.gif */; };
		B6AF273316EA9717009E18BB /* PDSponsorsView.m in Sources */ = {isa = PBXBuildFile; fileRef = B6AF272F16EA9716009E18BB /* PDSponsorsView.m */; };
		B6AF273616EA9793009E18BB /* PDSponsor.m in Sources */ = {isa = PBXBuildFile; fileRef = B6AF273516EA9793009E18BB /* PDSponsor.m */; };
		B6CBEEC21582C6F9005AE033 /* PDMoreViewController.m in Sources */ = {isa = PBXBuildFile; fileRef = B6CBEEC01582C6F9005AE033 /* PDMoreViewController.m */; };
		B6CBEEC31582C6F9005AE033 /* PDMoreViewController.xib in Resources */ = {isa = PBXBuildFile; fileRef = B6CBEEC11582C6F9005AE033 /* PDMoreViewController.xib */; };
		B6CBEF001586B69A005AE033 /* PDWindow.m in Sources */ = {isa = PBXBuildFile; fileRef = B6CBEEFF1586B69A005AE033 /* PDWindow.m */; };
		B6CBEF0615870E1D005AE033 /* more_info_tab_bg@2x.png in Resources */ = {isa = PBXBuildFile; fileRef = B6CBEF0515870E1D005AE033 /* more_info_tab_bg@2x.png */; };
		B6CBEF08158716C3005AE033 /* logo@2x.png in Resources */ = {isa = PBXBuildFile; fileRef = B6CBEF07158716C3005AE033 /* logo@2x.png */; };
		B6CBEF0A158717EB005AE033 /* logo_iPad.png in Resources */ = {isa = PBXBuildFile; fileRef = B6CBEF09158717EB005AE033 /* logo_iPad.png */; };
		B6EF93FA16A8B6AA000CB0E4 /* default-avatar.png in Resources */ = {isa = PBXBuildFile; fileRef = B6EF93F916A8B6AA000CB0E4 /* default-avatar.png */; };
/* End PBXBuildFile section */

/* Begin PBXFileReference section */
		963AA6FF16E08C0A0083218A /* GlobalSettingsViewController.h */ = {isa = PBXFileReference; lastKnownFileType = sourcecode.c.h; path = GlobalSettingsViewController.h; sourceTree = "<group>"; };
		963AA70016E08C0B0083218A /* GlobalSettingsViewController.m */ = {isa = PBXFileReference; lastKnownFileType = sourcecode.c.objc; path = GlobalSettingsViewController.m; sourceTree = "<group>"; };
		969D180616E07485009E7D3B /* libPayPalMPL.a */ = {isa = PBXFileReference; lastKnownFileType = archive.ar; path = libPayPalMPL.a; sourceTree = "<group>"; };
		969D180716E07485009E7D3B /* PayPal.h */ = {isa = PBXFileReference; fileEncoding = 4; lastKnownFileType = sourcecode.c.h; path = PayPal.h; sourceTree = "<group>"; };
		969D180816E07485009E7D3B /* PayPalAddress.h */ = {isa = PBXFileReference; fileEncoding = 4; lastKnownFileType = sourcecode.c.h; path = PayPalAddress.h; sourceTree = "<group>"; };
		969D180916E07485009E7D3B /* PayPalAdvancedPayment.h */ = {isa = PBXFileReference; fileEncoding = 4; lastKnownFileType = sourcecode.c.h; path = PayPalAdvancedPayment.h; sourceTree = "<group>"; };
		969D180A16E07485009E7D3B /* PayPalAmounts.h */ = {isa = PBXFileReference; fileEncoding = 4; lastKnownFileType = sourcecode.c.h; path = PayPalAmounts.h; sourceTree = "<group>"; };
		969D180B16E07485009E7D3B /* PayPalInvoiceData.h */ = {isa = PBXFileReference; fileEncoding = 4; lastKnownFileType = sourcecode.c.h; path = PayPalInvoiceData.h; sourceTree = "<group>"; };
		969D180C16E07485009E7D3B /* PayPalInvoiceItem.h */ = {isa = PBXFileReference; fileEncoding = 4; lastKnownFileType = sourcecode.c.h; path = PayPalInvoiceItem.h; sourceTree = "<group>"; };
		969D180D16E07485009E7D3B /* PayPalPayment.h */ = {isa = PBXFileReference; fileEncoding = 4; lastKnownFileType = sourcecode.c.h; path = PayPalPayment.h; sourceTree = "<group>"; };
		969D180E16E07485009E7D3B /* PayPalPreapprovalDetails.h */ = {isa = PBXFileReference; fileEncoding = 4; lastKnownFileType = sourcecode.c.h; path = PayPalPreapprovalDetails.h; sourceTree = "<group>"; };
		969D180F16E07485009E7D3B /* PayPalReceiverAmounts.h */ = {isa = PBXFileReference; fileEncoding = 4; lastKnownFileType = sourcecode.c.h; path = PayPalReceiverAmounts.h; sourceTree = "<group>"; };
		969D181016E07485009E7D3B /* PayPalReceiverPaymentDetails.h */ = {isa = PBXFileReference; fileEncoding = 4; lastKnownFileType = sourcecode.c.h; path = PayPalReceiverPaymentDetails.h; sourceTree = "<group>"; };
		969D181316E074F4009E7D3B /* PDDonationsViewController.h */ = {isa = PBXFileReference; fileEncoding = 4; lastKnownFileType = sourcecode.c.h; path = PDDonationsViewController.h; sourceTree = "<group>"; };
		969D181416E074F4009E7D3B /* PDDonationsViewController.m */ = {isa = PBXFileReference; fileEncoding = 4; lastKnownFileType = sourcecode.c.objc; path = PDDonationsViewController.m; sourceTree = "<group>"; };
		969D181516E074F4009E7D3B /* PDDonationsViewController.xib */ = {isa = PBXFileReference; fileEncoding = 4; lastKnownFileType = file.xib; path = PDDonationsViewController.xib; sourceTree = "<group>"; };
		969D181D16E07EE3009E7D3B /* libxml2.2.dylib */ = {isa = PBXFileReference; lastKnownFileType = "compiled.mach-o.dylib"; name = libxml2.2.dylib; path = usr/lib/libxml2.2.dylib; sourceTree = SDKROOT; };
		969D181F16E07EF3009E7D3B /* Security.framework */ = {isa = PBXFileReference; lastKnownFileType = wrapper.framework; name = Security.framework; path = System/Library/Frameworks/Security.framework; sourceTree = SDKROOT; };
		969D182116E07F01009E7D3B /* libz.dylib */ = {isa = PBXFileReference; lastKnownFileType = "compiled.mach-o.dylib"; name = libz.dylib; path = usr/lib/libz.dylib; sourceTree = SDKROOT; };
		969D182C16E08406009E7D3B /* SuccessViewController.h */ = {isa = PBXFileReference; lastKnownFileType = sourcecode.c.h; path = SuccessViewController.h; sourceTree = "<group>"; };
		969D182D16E08406009E7D3B /* SuccessViewController.m */ = {isa = PBXFileReference; lastKnownFileType = sourcecode.c.objc; path = SuccessViewController.m; sourceTree = "<group>"; };
		B61A533F16F148BB009BD664 /* OHAttributedLabel.h */ = {isa = PBXFileReference; fileEncoding = 4; lastKnownFileType = sourcecode.c.h; path = OHAttributedLabel.h; sourceTree = "<group>"; };
		B61A534016F148BB009BD664 /* OHAttributedLabel.m */ = {isa = PBXFileReference; fileEncoding = 4; lastKnownFileType = sourcecode.c.objc; path = OHAttributedLabel.m; sourceTree = "<group>"; };
		B61A534116F148BB009BD664 /* OHParagraphStyle.h */ = {isa = PBXFileReference; fileEncoding = 4; lastKnownFileType = sourcecode.c.h; path = OHParagraphStyle.h; sourceTree = "<group>"; };
		B61A534216F148BB009BD664 /* OHParagraphStyle.m */ = {isa = PBXFileReference; fileEncoding = 4; lastKnownFileType = sourcecode.c.objc; path = OHParagraphStyle.m; sourceTree = "<group>"; };
		B61A534316F148BB009BD664 /* NSAttributedString+Attributes.h */ = {isa = PBXFileReference; fileEncoding = 4; lastKnownFileType = sourcecode.c.h; path = "NSAttributedString+Attributes.h"; sourceTree = "<group>"; };
		B61A534416F148BB009BD664 /* NSAttributedString+Attributes.m */ = {isa = PBXFileReference; fileEncoding = 4; lastKnownFileType = sourcecode.c.objc; path = "NSAttributedString+Attributes.m"; sourceTree = "<group>"; };
		B61A534516F148BB009BD664 /* NSTextCheckingResult+ExtendedURL.h */ = {isa = PBXFileReference; fileEncoding = 4; lastKnownFileType = sourcecode.c.h; path = "NSTextCheckingResult+ExtendedURL.h"; sourceTree = "<group>"; };
		B61A534616F148BB009BD664 /* NSTextCheckingResult+ExtendedURL.m */ = {isa = PBXFileReference; fileEncoding = 4; lastKnownFileType = sourcecode.c.objc; path = "NSTextCheckingResult+ExtendedURL.m"; sourceTree = "<group>"; };
		B61A534716F148BB009BD664 /* OHASMarkupParserBase.h */ = {isa = PBXFileReference; fileEncoding = 4; lastKnownFileType = sourcecode.c.h; path = OHASMarkupParserBase.h; sourceTree = "<group>"; };
		B61A534816F148BB009BD664 /* OHASMarkupParserBase.m */ = {isa = PBXFileReference; fileEncoding = 4; lastKnownFileType = sourcecode.c.objc; path = OHASMarkupParserBase.m; sourceTree = "<group>"; };
		B61A534916F148BB009BD664 /* OHASBasicHTMLParser.h */ = {isa = PBXFileReference; fileEncoding = 4; lastKnownFileType = sourcecode.c.h; path = OHASBasicHTMLParser.h; sourceTree = "<group>"; };
		B61A534A16F148BB009BD664 /* OHASBasicHTMLParser.m */ = {isa = PBXFileReference; fileEncoding = 4; lastKnownFileType = sourcecode.c.objc; path = OHASBasicHTMLParser.m; sourceTree = "<group>"; };
		B61A534B16F148BB009BD664 /* OHASBasicMarkupParser.h */ = {isa = PBXFileReference; fileEncoding = 4; lastKnownFileType = sourcecode.c.h; path = OHASBasicMarkupParser.h; sourceTree = "<group>"; };
		B61A534C16F148BB009BD664 /* OHASBasicMarkupParser.m */ = {isa = PBXFileReference; fileEncoding = 4; lastKnownFileType = sourcecode.c.objc; path = OHASBasicMarkupParser.m; sourceTree = "<group>"; };
		B61A534D16F148BB009BD664 /* CoreTextUtils.h */ = {isa = PBXFileReference; fileEncoding = 4; lastKnownFileType = sourcecode.c.h; path = CoreTextUtils.h; sourceTree = "<group>"; };
		B61A534E16F148BB009BD664 /* CoreTextUtils.m */ = {isa = PBXFileReference; fileEncoding = 4; lastKnownFileType = sourcecode.c.objc; path = CoreTextUtils.m; sourceTree = "<group>"; };
		B61A535816F14903009BD664 /* CoreText.framework */ = {isa = PBXFileReference; lastKnownFileType = wrapper.framework; name = CoreText.framework; path = System/Library/Frameworks/CoreText.framework; sourceTree = SDKROOT; };
		B61A537616F3D69D009BD664 /* PDChooseNewsViewController.h */ = {isa = PBXFileReference; fileEncoding = 4; lastKnownFileType = sourcecode.c.h; path = PDChooseNewsViewController.h; sourceTree = "<group>"; };
		B61A537716F3D69D009BD664 /* PDChooseNewsViewController.m */ = {isa = PBXFileReference; fileEncoding = 4; lastKnownFileType = sourcecode.c.objc; path = PDChooseNewsViewController.m; sourceTree = "<group>"; };
		B61A537816F3D69E009BD664 /* PDChooseNewsViewController.xib */ = {isa = PBXFileReference; fileEncoding = 4; lastKnownFileType = file.xib; path = PDChooseNewsViewController.xib; sourceTree = "<group>"; };
		B61A537B16F3DCD2009BD664 /* PDNewsViewController.h */ = {isa = PBXFileReference; fileEncoding = 4; lastKnownFileType = sourcecode.c.h; path = PDNewsViewController.h; sourceTree = "<group>"; };
		B61A537C16F3DCD2009BD664 /* PDNewsViewController.m */ = {isa = PBXFileReference; fileEncoding = 4; lastKnownFileType = sourcecode.c.objc; path = PDNewsViewController.m; sourceTree = "<group>"; };
		B61A537E16F79E5D009BD664 /* news.png */ = {isa = PBXFileReference; lastKnownFileType = image.png; path = news.png; sourceTree = "<group>"; };
		B61A537F16F79E5D009BD664 /* news@2x.png */ = {isa = PBXFileReference; lastKnownFileType = image.png; path = "news@2x.png"; sourceTree = "<group>"; };
		B61A538216F79F32009BD664 /* twitter-icon@2x.png */ = {isa = PBXFileReference; lastKnownFileType = image.png; path = "twitter-icon@2x.png"; sourceTree = "<group>"; };
		B61A538316F79F32009BD664 /* twitter-icon.png */ = {isa = PBXFileReference; lastKnownFileType = image.png; path = "twitter-icon.png"; sourceTree = "<group>"; };
		B62A65A31599393B007EB20D /* AssetsLibrary.framework */ = {isa = PBXFileReference; lastKnownFileType = wrapper.framework; name = AssetsLibrary.framework; path = System/Library/Frameworks/AssetsLibrary.framework; sourceTree = SDKROOT; };
		B63176581578235B00B12331 /* PDPoem.h */ = {isa = PBXFileReference; fileEncoding = 4; lastKnownFileType = sourcecode.c.h; path = PDPoem.h; sourceTree = "<group>"; };
		B63176591578235B00B12331 /* PDPoem.m */ = {isa = PBXFileReference; fileEncoding = 4; lastKnownFileType = sourcecode.c.objc; path = PDPoem.m; sourceTree = "<group>"; };
		B631765B157824F700B12331 /* CoreData.framework */ = {isa = PBXFileReference; lastKnownFileType = wrapper.framework; name = CoreData.framework; path = System/Library/Frameworks/CoreData.framework; sourceTree = SDKROOT; };
		B631765E1578258D00B12331 /* PDMediaServer.h */ = {isa = PBXFileReference; fileEncoding = 4; lastKnownFileType = sourcecode.c.h; path = PDMediaServer.h; sourceTree = "<group>"; };
		B631765F1578258D00B12331 /* PDMediaServer.m */ = {isa = PBXFileReference; fileEncoding = 4; lastKnownFileType = sourcecode.c.objc; path = PDMediaServer.m; sourceTree = "<group>"; };
		B631769615782D1100B12331 /* PDCachedDataController.h */ = {isa = PBXFileReference; fileEncoding = 4; lastKnownFileType = sourcecode.c.h; path = PDCachedDataController.h; sourceTree = "<group>"; };
		B631769715782D1100B12331 /* PDCachedDataController.m */ = {isa = PBXFileReference; fileEncoding = 4; lastKnownFileType = sourcecode.c.objc; path = PDCachedDataController.m; sourceTree = "<group>"; };
		B631769915782D8F00B12331 /* PDConstants.h */ = {isa = PBXFileReference; fileEncoding = 4; lastKnownFileType = sourcecode.c.h; path = PDConstants.h; sourceTree = "<group>"; };
		B631769A15782D8F00B12331 /* PDConstants.m */ = {isa = PBXFileReference; fileEncoding = 4; lastKnownFileType = sourcecode.c.objc; path = PDConstants.m; sourceTree = "<group>"; };
		B631769C157830EA00B12331 /* PDFavoritesViewController.h */ = {isa = PBXFileReference; fileEncoding = 4; lastKnownFileType = sourcecode.c.h; path = PDFavoritesViewController.h; sourceTree = "<group>"; };
		B631769D157830EB00B12331 /* PDFavoritesViewController.m */ = {isa = PBXFileReference; fileEncoding = 4; lastKnownFileType = sourcecode.c.objc; path = PDFavoritesViewController.m; sourceTree = "<group>"; };
		B631769F1578311E00B12331 /* PDFavoritesViewController.xib */ = {isa = PBXFileReference; fileEncoding = 4; lastKnownFileType = file.xib; path = PDFavoritesViewController.xib; sourceTree = "<group>"; };
		B63176A11578342B00B12331 /* QuartzCore.framework */ = {isa = PBXFileReference; lastKnownFileType = wrapper.framework; name = QuartzCore.framework; path = System/Library/Frameworks/QuartzCore.framework; sourceTree = SDKROOT; };
		B6352F9A168FCBCB0028344C /* NSURL+DTUnshorten.h */ = {isa = PBXFileReference; fileEncoding = 4; lastKnownFileType = sourcecode.c.h; path = "NSURL+DTUnshorten.h"; sourceTree = "<group>"; };
		B6352F9B168FCBCB0028344C /* NSURL+DTUnshorten.m */ = {isa = PBXFileReference; fileEncoding = 4; lastKnownFileType = sourcecode.c.objc; path = "NSURL+DTUnshorten.m"; sourceTree = "<group>"; };
		B64C28C616EAB37300AD34D5 /* fullscreen_alt_16x16.png */ = {isa = PBXFileReference; lastKnownFileType = image.png; path = fullscreen_alt_16x16.png; sourceTree = "<group>"; };
		B64C28C716EAB37300AD34D5 /* fullscreen_alt_16x16@2x.png */ = {isa = PBXFileReference; lastKnownFileType = image.png; path = "fullscreen_alt_16x16@2x.png"; sourceTree = "<group>"; };
		B64C28CA16EAB50000AD34D5 /* mfa.gif */ = {isa = PBXFileReference; lastKnownFileType = image.gif; path = mfa.gif; sourceTree = "<group>"; };
		B65D268516E6B51A00F93C19 /* paper_new.png */ = {isa = PBXFileReference; lastKnownFileType = image.png; path = paper_new.png; sourceTree = "<group>"; };
		B65D268616E6B51A00F93C19 /* paper_new@2X.png */ = {isa = PBXFileReference; lastKnownFileType = image.png; path = "paper_new@2X.png"; sourceTree = "<group>"; };
		B65D268916E6B94500F93C19 /* arrow_right.png */ = {isa = PBXFileReference; lastKnownFileType = image.png; path = arrow_right.png; sourceTree = "<group>"; };
		B65D268A16E6B94600F93C19 /* arrow_left.png */ = {isa = PBXFileReference; lastKnownFileType = image.png; path = arrow_left.png; sourceTree = "<group>"; };
		B65D268D16E6CCC800F93C19 /* nav_icon_ios_more@2x.png */ = {isa = PBXFileReference; lastKnownFileType = image.png; path = "nav_icon_ios_more@2x.png"; sourceTree = "<group>"; };
		B65D268E16E6CCC800F93C19 /* nav_icon_ios_more.png */ = {isa = PBXFileReference; lastKnownFileType = image.png; path = nav_icon_ios_more.png; sourceTree = "<group>"; };
		B65D269116E6D9DD00F93C19 /* PDAboutPDViewController.h */ = {isa = PBXFileReference; fileEncoding = 4; lastKnownFileType = sourcecode.c.h; path = PDAboutPDViewController.h; sourceTree = "<group>"; };
		B65D269216E6D9DE00F93C19 /* PDAboutPDViewController.m */ = {isa = PBXFileReference; fileEncoding = 4; lastKnownFileType = sourcecode.c.objc; path = PDAboutPDViewController.m; sourceTree = "<group>"; };
		B65D269316E6D9DE00F93C19 /* PDAboutPDViewController.xib */ = {isa = PBXFileReference; fileEncoding = 4; lastKnownFileType = file.xib; path = PDAboutPDViewController.xib; sourceTree = "<group>"; };
		B65D269616E6DA0D00F93C19 /* about.html */ = {isa = PBXFileReference; fileEncoding = 4; lastKnownFileType = text.html; path = about.html; sourceTree = "<group>"; };
		B65D269816E6DD3A00F93C19 /* sig_combo.png */ = {isa = PBXFileReference; lastKnownFileType = image.png; path = sig_combo.png; sourceTree = "<group>"; };
		B65D269A16E6DD4700F93C19 /* lvl2_logo.gif */ = {isa = PBXFileReference; lastKnownFileType = image.gif; path = lvl2_logo.gif; sourceTree = "<group>"; };
		B65D269C16E6DF6000F93C19 /* light_honeycomb_@2X.png */ = {isa = PBXFileReference; lastKnownFileType = image.png; path = "light_honeycomb_@2X.png"; sourceTree = "<group>"; };
		B65D269D16E6DF6000F93C19 /* light_honeycomb.png */ = {isa = PBXFileReference; lastKnownFileType = image.png; path = light_honeycomb.png; sourceTree = "<group>"; };
		B66D4BE1157D6AC6005830A4 /* PDFavoritesCoverFlowViewController.h */ = {isa = PBXFileReference; fileEncoding = 4; lastKnownFileType = sourcecode.c.h; path = PDFavoritesCoverFlowViewController.h; sourceTree = "<group>"; };
		B66D4BE2157D6AC6005830A4 /* PDFavoritesCoverFlowViewController.m */ = {isa = PBXFileReference; fileEncoding = 4; lastKnownFileType = sourcecode.c.objc; path = PDFavoritesCoverFlowViewController.m; sourceTree = "<group>"; };
		B66D4BE3157D6AC6005830A4 /* PDFavoritesCoverFlowViewController.xib */ = {isa = PBXFileReference; fileEncoding = 4; lastKnownFileType = file.xib; path = PDFavoritesCoverFlowViewController.xib; sourceTree = "<group>"; };
		B66D4BE7157D6BB6005830A4 /* PDFavoriteView.h */ = {isa = PBXFileReference; fileEncoding = 4; lastKnownFileType = sourcecode.c.h; path = PDFavoriteView.h; sourceTree = "<group>"; };
		B66D4BE8157D6BB6005830A4 /* PDFavoriteView.m */ = {isa = PBXFileReference; fileEncoding = 4; lastKnownFileType = sourcecode.c.objc; path = PDFavoriteView.m; sourceTree = "<group>"; };
		B66D4BEA157D74ED005830A4 /* favoriteStar.png */ = {isa = PBXFileReference; lastKnownFileType = image.png; path = favoriteStar.png; sourceTree = "<group>"; };
		B66D4BEC157D7559005830A4 /* unfilledFavoriteStar.png */ = {isa = PBXFileReference; lastKnownFileType = image.png; path = unfilledFavoriteStar.png; sourceTree = "<group>"; };
		B66D4BEE157D789E005830A4 /* plumlystanley.jpeg */ = {isa = PBXFileReference; lastKnownFileType = image.jpeg; path = plumlystanley.jpeg; sourceTree = "<group>"; };
		B66D4BF0157D7937005830A4 /* kenny-powers-accessories_large.png */ = {isa = PBXFileReference; lastKnownFileType = image.png; path = "kenny-powers-accessories_large.png"; sourceTree = "<group>"; };
		B66D4BF2157D8A9A005830A4 /* PDBrowseAllPoemsViewController.h */ = {isa = PBXFileReference; fileEncoding = 4; lastKnownFileType = sourcecode.c.h; path = PDBrowseAllPoemsViewController.h; sourceTree = "<group>"; };
		B66D4BF3157D8A9A005830A4 /* PDBrowseAllPoemsViewController.m */ = {isa = PBXFileReference; fileEncoding = 4; lastKnownFileType = sourcecode.c.objc; path = PDBrowseAllPoemsViewController.m; sourceTree = "<group>"; };
		B66D4BF4157D8A9A005830A4 /* PDBrowseAllPoemsViewController.xib */ = {isa = PBXFileReference; fileEncoding = 4; lastKnownFileType = file.xib; path = PDBrowseAllPoemsViewController.xib; sourceTree = "<group>"; };
		B66D4C09157EAE84005830A4 /* 33-cabinet.png */ = {isa = PBXFileReference; lastKnownFileType = image.png; path = "33-cabinet.png"; sourceTree = "<group>"; };
		B66D4C0A157EAE84005830A4 /* 28-star.png */ = {isa = PBXFileReference; lastKnownFileType = image.png; path = "28-star.png"; sourceTree = "<group>"; };
		B66D4C0B157EAE84005830A4 /* 53-house.png */ = {isa = PBXFileReference; lastKnownFileType = image.png; path = "53-house.png"; sourceTree = "<group>"; };
		B66D4C13157EB954005830A4 /* PDSocialMediaController.h */ = {isa = PBXFileReference; fileEncoding = 4; lastKnownFileType = sourcecode.c.h; path = PDSocialMediaController.h; sourceTree = "<group>"; };
		B66D4C14157EB954005830A4 /* PDSocialMediaController.m */ = {isa = PBXFileReference; fileEncoding = 4; lastKnownFileType = sourcecode.c.objc; path = PDSocialMediaController.m; sourceTree = "<group>"; };
		B66D4C16157EBBC8005830A4 /* PDTweet.h */ = {isa = PBXFileReference; fileEncoding = 4; lastKnownFileType = sourcecode.c.h; path = PDTweet.h; sourceTree = "<group>"; };
		B66D4C17157EBBC8005830A4 /* PDTweet.m */ = {isa = PBXFileReference; fileEncoding = 4; lastKnownFileType = sourcecode.c.objc; path = PDTweet.m; sourceTree = "<group>"; };
		B66D4C1D157EBCFB005830A4 /* Twitter.framework */ = {isa = PBXFileReference; lastKnownFileType = wrapper.framework; name = Twitter.framework; path = System/Library/Frameworks/Twitter.framework; sourceTree = SDKROOT; };
		B66D4C1F157EBF35005830A4 /* PDTwitterViewController.h */ = {isa = PBXFileReference; fileEncoding = 4; lastKnownFileType = sourcecode.c.h; path = PDTwitterViewController.h; sourceTree = "<group>"; };
		B66D4C20157EBF35005830A4 /* PDTwitterViewController.m */ = {isa = PBXFileReference; fileEncoding = 4; lastKnownFileType = sourcecode.c.objc; path = PDTwitterViewController.m; sourceTree = "<group>"; };
		B66D4C21157EBF37005830A4 /* PDTwitterViewController.xib */ = {isa = PBXFileReference; fileEncoding = 4; lastKnownFileType = file.xib; path = PDTwitterViewController.xib; sourceTree = "<group>"; };
		B66D4C30157ED20D005830A4 /* MessageUI.framework */ = {isa = PBXFileReference; lastKnownFileType = wrapper.framework; name = MessageUI.framework; path = System/Library/Frameworks/MessageUI.framework; sourceTree = SDKROOT; };
		B66D4C36157EFF31005830A4 /* tab_bg.png */ = {isa = PBXFileReference; lastKnownFileType = image.png; path = tab_bg.png; sourceTree = "<group>"; };
		B66D4C7115801F14005830A4 /* paper.png */ = {isa = PBXFileReference; lastKnownFileType = image.png; path = paper.png; sourceTree = "<group>"; };
		B66D4C7315802024005830A4 /* natural_paper.png */ = {isa = PBXFileReference; lastKnownFileType = image.png; path = natural_paper.png; sourceTree = "<group>"; };
		B66D4C751580209B005830A4 /* lightpaperfibers.png */ = {isa = PBXFileReference; lastKnownFileType = image.png; path = lightpaperfibers.png; sourceTree = "<group>"; };
		B66D4C77158021A1005830A4 /* spechbubble_sq_line.png */ = {isa = PBXFileReference; lastKnownFileType = image.png; path = spechbubble_sq_line.png; sourceTree = "<group>"; };
		B66D4C79158021C5005830A4 /* spechbubble_sq_line_black.png */ = {isa = PBXFileReference; lastKnownFileType = image.png; path = spechbubble_sq_line_black.png; sourceTree = "<group>"; };
		B66EA87416E1518B0086BE64 /* Poetry-Daily copy-Info.plist */ = {isa = PBXFileReference; lastKnownFileType = text.plist.xml; name = "Poetry-Daily copy-Info.plist"; path = "/Users/dsklen/Poetry-Daily/Poetry-Daily copy-Info.plist"; sourceTree = "<absolute>"; };
		B66EA87516E152640086BE64 /* PDHomeViewController-iPad.xib */ = {isa = PBXFileReference; fileEncoding = 4; lastKnownFileType = file.xib; path = "PDHomeViewController-iPad.xib"; sourceTree = "<group>"; };
		B66EA87D16E549800086BE64 /* QBFlatButton.h */ = {isa = PBXFileReference; fileEncoding = 4; lastKnownFileType = sourcecode.c.h; name = QBFlatButton.h; path = "Poetry-Daily/Library/QBFlatButton.h"; sourceTree = "<group>"; };
		B66EA87E16E549800086BE64 /* QBFlatButton.m */ = {isa = PBXFileReference; fileEncoding = 4; lastKnownFileType = sourcecode.c.objc; name = QBFlatButton.m; path = "Poetry-Daily/Library/QBFlatButton.m"; sourceTree = "<group>"; };
		B670F6521534CCB20045906A /* Poetry-Daily.app */ = {isa = PBXFileReference; explicitFileType = wrapper.application; includeInIndex = 0; path = "Poetry-Daily.app"; sourceTree = BUILT_PRODUCTS_DIR; };
		B670F6561534CCB20045906A /* UIKit.framework */ = {isa = PBXFileReference; lastKnownFileType = wrapper.framework; name = UIKit.framework; path = System/Library/Frameworks/UIKit.framework; sourceTree = SDKROOT; };
		B670F6581534CCB20045906A /* Foundation.framework */ = {isa = PBXFileReference; lastKnownFileType = wrapper.framework; name = Foundation.framework; path = System/Library/Frameworks/Foundation.framework; sourceTree = SDKROOT; };
		B670F65A1534CCB20045906A /* CoreGraphics.framework */ = {isa = PBXFileReference; lastKnownFileType = wrapper.framework; name = CoreGraphics.framework; path = System/Library/Frameworks/CoreGraphics.framework; sourceTree = SDKROOT; };
		B670F65E1534CCB20045906A /* Poetry-Daily-Info.plist */ = {isa = PBXFileReference; lastKnownFileType = text.plist.xml; path = "Poetry-Daily-Info.plist"; sourceTree = "<group>"; };
		B670F6601534CCB20045906A /* en */ = {isa = PBXFileReference; lastKnownFileType = text.plist.strings; name = en; path = en.lproj/InfoPlist.strings; sourceTree = "<group>"; };
		B670F6621534CCB20045906A /* main.m */ = {isa = PBXFileReference; lastKnownFileType = sourcecode.c.objc; path = main.m; sourceTree = "<group>"; };
		B670F6641534CCB20045906A /* Poetry-Daily-Prefix.pch */ = {isa = PBXFileReference; lastKnownFileType = sourcecode.c.h; path = "Poetry-Daily-Prefix.pch"; sourceTree = "<group>"; };
		B670F6651534CCB20045906A /* PDAppDelegate.h */ = {isa = PBXFileReference; lastKnownFileType = sourcecode.c.h; path = PDAppDelegate.h; sourceTree = "<group>"; };
		B670F6661534CCB30045906A /* PDAppDelegate.m */ = {isa = PBXFileReference; lastKnownFileType = sourcecode.c.objc; path = PDAppDelegate.m; sourceTree = "<group>"; };
		B670F66B1534CCB30045906A /* first.png */ = {isa = PBXFileReference; lastKnownFileType = image.png; path = first.png; sourceTree = "<group>"; };
		B670F66D1534CCB30045906A /* first@2x.png */ = {isa = PBXFileReference; lastKnownFileType = image.png; path = "first@2x.png"; sourceTree = "<group>"; };
		B670F6721534CCB30045906A /* second.png */ = {isa = PBXFileReference; lastKnownFileType = image.png; path = second.png; sourceTree = "<group>"; };
		B670F6741534CCB30045906A /* second@2x.png */ = {isa = PBXFileReference; lastKnownFileType = image.png; path = "second@2x.png"; sourceTree = "<group>"; };
		B67EA450168D037D008C59F5 /* Default-568h@2x.png */ = {isa = PBXFileReference; lastKnownFileType = image.png; name = "Default-568h@2x.png"; path = "../Default-568h@2x.png"; sourceTree = "<group>"; };
		B6919A67156F012700DA70C2 /* SVProgressHUD.bundle */ = {isa = PBXFileReference; lastKnownFileType = "wrapper.plug-in"; path = SVProgressHUD.bundle; sourceTree = "<group>"; };
		B6919A68156F012700DA70C2 /* SVProgressHUD.h */ = {isa = PBXFileReference; fileEncoding = 4; lastKnownFileType = sourcecode.c.h; path = SVProgressHUD.h; sourceTree = "<group>"; };
		B6919A69156F012700DA70C2 /* SVProgressHUD.m */ = {isa = PBXFileReference; fileEncoding = 4; lastKnownFileType = sourcecode.c.objc; path = SVProgressHUD.m; sourceTree = "<group>"; };
		B6919A6C156F01B600DA70C2 /* PDHomeViewController.h */ = {isa = PBXFileReference; fileEncoding = 4; lastKnownFileType = sourcecode.c.h; path = PDHomeViewController.h; sourceTree = "<group>"; };
		B6919A6D156F01B600DA70C2 /* PDHomeViewController.m */ = {isa = PBXFileReference; fileEncoding = 4; lastKnownFileType = sourcecode.c.objc; path = PDHomeViewController.m; sourceTree = "<group>"; };
		B6919A6E156F01B600DA70C2 /* PDHomeViewController.xib */ = {isa = PBXFileReference; fileEncoding = 4; lastKnownFileType = file.xib; path = PDHomeViewController.xib; sourceTree = "<group>"; };
		B6919A71156F028100DA70C2 /* PDMainPoemViewController.h */ = {isa = PBXFileReference; fileEncoding = 4; lastKnownFileType = sourcecode.c.h; path = PDMainPoemViewController.h; sourceTree = "<group>"; };
		B6919A72156F028200DA70C2 /* PDMainPoemViewController.m */ = {isa = PBXFileReference; fileEncoding = 4; lastKnownFileType = sourcecode.c.objc; path = PDMainPoemViewController.m; sourceTree = "<group>"; };
		B6919A73156F028200DA70C2 /* PDMainPoemViewController.xib */ = {isa = PBXFileReference; fileEncoding = 4; lastKnownFileType = file.xib; path = PDMainPoemViewController.xib; sourceTree = "<group>"; };
		B697941D158A87DA0031162B /* NSDate+PDAdditions.h */ = {isa = PBXFileReference; fileEncoding = 4; lastKnownFileType = sourcecode.c.h; path = "NSDate+PDAdditions.h"; sourceTree = "<group>"; };
		B697941E158A87DA0031162B /* NSDate+PDAdditions.m */ = {isa = PBXFileReference; fileEncoding = 4; lastKnownFileType = sourcecode.c.objc; path = "NSDate+PDAdditions.m"; sourceTree = "<group>"; };
		B6979420158AA3930031162B /* 23-bird.png */ = {isa = PBXFileReference; lastKnownFileType = image.png; path = "23-bird.png"; sourceTree = "<group>"; };
		B6979457158AA8C00031162B /* PDLogo.png */ = {isa = PBXFileReference; lastKnownFileType = image.png; path = PDLogo.png; sourceTree = "<group>"; };
		B69BA94C16A8A81800708524 /* AFHTTPClient.h */ = {isa = PBXFileReference; fileEncoding = 4; lastKnownFileType = sourcecode.c.h; path = AFHTTPClient.h; sourceTree = "<group>"; };
		B69BA94D16A8A81800708524 /* AFHTTPClient.m */ = {isa = PBXFileReference; fileEncoding = 4; lastKnownFileType = sourcecode.c.objc; path = AFHTTPClient.m; sourceTree = "<group>"; };
		B69BA94E16A8A81800708524 /* AFHTTPRequestOperation.h */ = {isa = PBXFileReference; fileEncoding = 4; lastKnownFileType = sourcecode.c.h; path = AFHTTPRequestOperation.h; sourceTree = "<group>"; };
		B69BA94F16A8A81800708524 /* AFHTTPRequestOperation.m */ = {isa = PBXFileReference; fileEncoding = 4; lastKnownFileType = sourcecode.c.objc; path = AFHTTPRequestOperation.m; sourceTree = "<group>"; };
		B69BA95016A8A81800708524 /* AFImageRequestOperation.h */ = {isa = PBXFileReference; fileEncoding = 4; lastKnownFileType = sourcecode.c.h; path = AFImageRequestOperation.h; sourceTree = "<group>"; };
		B69BA95116A8A81800708524 /* AFImageRequestOperation.m */ = {isa = PBXFileReference; fileEncoding = 4; lastKnownFileType = sourcecode.c.objc; path = AFImageRequestOperation.m; sourceTree = "<group>"; };
		B69BA95216A8A81800708524 /* AFJSONRequestOperation.h */ = {isa = PBXFileReference; fileEncoding = 4; lastKnownFileType = sourcecode.c.h; path = AFJSONRequestOperation.h; sourceTree = "<group>"; };
		B69BA95316A8A81800708524 /* AFJSONRequestOperation.m */ = {isa = PBXFileReference; fileEncoding = 4; lastKnownFileType = sourcecode.c.objc; path = AFJSONRequestOperation.m; sourceTree = "<group>"; };
		B69BA95416A8A81800708524 /* AFNetworkActivityIndicatorManager.h */ = {isa = PBXFileReference; fileEncoding = 4; lastKnownFileType = sourcecode.c.h; path = AFNetworkActivityIndicatorManager.h; sourceTree = "<group>"; };
		B69BA95516A8A81800708524 /* AFNetworkActivityIndicatorManager.m */ = {isa = PBXFileReference; fileEncoding = 4; lastKnownFileType = sourcecode.c.objc; path = AFNetworkActivityIndicatorManager.m; sourceTree = "<group>"; };
		B69BA95616A8A81800708524 /* AFNetworking.h */ = {isa = PBXFileReference; fileEncoding = 4; lastKnownFileType = sourcecode.c.h; path = AFNetworking.h; sourceTree = "<group>"; };
		B69BA95716A8A81800708524 /* AFPropertyListRequestOperation.h */ = {isa = PBXFileReference; fileEncoding = 4; lastKnownFileType = sourcecode.c.h; path = AFPropertyListRequestOperation.h; sourceTree = "<group>"; };
		B69BA95816A8A81800708524 /* AFPropertyListRequestOperation.m */ = {isa = PBXFileReference; fileEncoding = 4; lastKnownFileType = sourcecode.c.objc; path = AFPropertyListRequestOperation.m; sourceTree = "<group>"; };
		B69BA95916A8A81800708524 /* AFURLConnectionOperation.h */ = {isa = PBXFileReference; fileEncoding = 4; lastKnownFileType = sourcecode.c.h; path = AFURLConnectionOperation.h; sourceTree = "<group>"; };
		B69BA95A16A8A81800708524 /* AFURLConnectionOperation.m */ = {isa = PBXFileReference; fileEncoding = 4; lastKnownFileType = sourcecode.c.objc; path = AFURLConnectionOperation.m; sourceTree = "<group>"; };
		B69BA95B16A8A81800708524 /* AFXMLRequestOperation.h */ = {isa = PBXFileReference; fileEncoding = 4; lastKnownFileType = sourcecode.c.h; path = AFXMLRequestOperation.h; sourceTree = "<group>"; };
		B69BA95C16A8A81800708524 /* AFXMLRequestOperation.m */ = {isa = PBXFileReference; fileEncoding = 4; lastKnownFileType = sourcecode.c.objc; path = AFXMLRequestOperation.m; sourceTree = "<group>"; };
		B69BA95D16A8A81800708524 /* UIImageView+AFNetworking.h */ = {isa = PBXFileReference; fileEncoding = 4; lastKnownFileType = sourcecode.c.h; path = "UIImageView+AFNetworking.h"; sourceTree = "<group>"; };
		B69BA95E16A8A81800708524 /* UIImageView+AFNetworking.m */ = {isa = PBXFileReference; fileEncoding = 4; lastKnownFileType = sourcecode.c.objc; path = "UIImageView+AFNetworking.m"; sourceTree = "<group>"; };
		B6AF256216E7F8EB009E18BB /* PDModel.xcdatamodel */ = {isa = PBXFileReference; lastKnownFileType = wrapper.xcdatamodel; path = PDModel.xcdatamodel; sourceTree = "<group>"; };
		B6AF256616E7FAC0009E18BB /* da */ = {isa = PBXFileReference; lastKnownFileType = text.plist.strings; name = da; path = SVWebViewController.strings; sourceTree = "<group>"; };
		B6AF256916E7FAC0009E18BB /* en */ = {isa = PBXFileReference; lastKnownFileType = text.plist.strings; name = en; path = SVWebViewController.strings; sourceTree = "<group>"; };
		B6AF256C16E7FAC0009E18BB /* es-ES */ = {isa = PBXFileReference; lastKnownFileType = text.plist.strings; name = "es-ES"; path = SVWebViewController.strings; sourceTree = "<group>"; };
		B6AF256F16E7FAC0009E18BB /* es */ = {isa = PBXFileReference; lastKnownFileType = text.plist.strings; name = es; path = SVWebViewController.strings; sourceTree = "<group>"; };
		B6AF257016E7FAC0009E18BB /* SVModalWebViewController.m */ = {isa = PBXFileReference; fileEncoding = 4; lastKnownFileType = sourcecode.c.objc; path = SVModalWebViewController.m; sourceTree = "<group>"; };
		B6AF257116E7FAC0009E18BB /* SVWebViewController.bundle */ = {isa = PBXFileReference; lastKnownFileType = "wrapper.plug-in"; path = SVWebViewController.bundle; sourceTree = "<group>"; };
		B6AF257216E7FAC0009E18BB /* SVWebViewController.h */ = {isa = PBXFileReference; fileEncoding = 4; lastKnownFileType = sourcecode.c.h; path = SVWebViewController.h; sourceTree = "<group>"; };
		B6AF257316E7FAC0009E18BB /* SVWebViewController.m */ = {isa = PBXFileReference; fileEncoding = 4; lastKnownFileType = sourcecode.c.objc; path = SVWebViewController.m; sourceTree = "<group>"; };
		B6AF257616E7FAC0009E18BB /* zh-Hans */ = {isa = PBXFileReference; lastKnownFileType = text.plist.strings; name = "zh-Hans"; path = SVWebViewController.strings; sourceTree = "<group>"; };
		B6AF257916E7FAC0009E18BB /* zh-Hant */ = {isa = PBXFileReference; lastKnownFileType = text.plist.strings; name = "zh-Hant"; path = SVWebViewController.strings; sourceTree = "<group>"; };
		B6AF258416E7FADE009E18BB /* es */ = {isa = PBXFileReference; lastKnownFileType = sourcecode.c.h; name = es; path = SVModalWebViewController.h; sourceTree = "<group>"; };
		B6AF26B416E82FFD009E18BB /* PDFeatureViewController.h */ = {isa = PBXFileReference; fileEncoding = 4; lastKnownFileType = sourcecode.c.h; path = PDFeatureViewController.h; sourceTree = "<group>"; };
		B6AF26B516E82FFD009E18BB /* PDFeatureViewController.m */ = {isa = PBXFileReference; fileEncoding = 4; lastKnownFileType = sourcecode.c.objc; path = PDFeatureViewController.m; sourceTree = "<group>"; };
		B6AF26B616E82FFD009E18BB /* PDFeatureViewController.xib */ = {isa = PBXFileReference; fileEncoding = 4; lastKnownFileType = file.xib; path = PDFeatureViewController.xib; sourceTree = "<group>"; };
		B6AF26BA16E86879009E18BB /* PDTViewController.h */ = {isa = PBXFileReference; fileEncoding = 4; lastKnownFileType = sourcecode.c.h; path = PDTViewController.h; sourceTree = "<group>"; };
		B6AF26BB16E86879009E18BB /* PDTViewController.m */ = {isa = PBXFileReference; fileEncoding = 4; lastKnownFileType = sourcecode.c.objc; path = PDTViewController.m; sourceTree = "<group>"; };
		B6AF26BD16E8752D009E18BB /* arrow.png */ = {isa = PBXFileReference; lastKnownFileType = image.png; path = arrow.png; sourceTree = "<group>"; };
		B6AF26BE16E8752D009E18BB /* PullRefreshTableViewController.h */ = {isa = PBXFileReference; fileEncoding = 4; lastKnownFileType = sourcecode.c.h; path = PullRefreshTableViewController.h; sourceTree = "<group>"; };
		B6AF26BF16E8752D009E18BB /* PullRefreshTableViewController.m */ = {isa = PBXFileReference; fileEncoding = 4; lastKnownFileType = sourcecode.c.objc; path = PullRefreshTableViewController.m; sourceTree = "<group>"; };
		B6AF26C316E951F5009E18BB /* Appirater.h */ = {isa = PBXFileReference; fileEncoding = 4; lastKnownFileType = sourcecode.c.h; path = Appirater.h; sourceTree = "<group>"; };
		B6AF26C416E951F5009E18BB /* Appirater.m */ = {isa = PBXFileReference; fileEncoding = 4; lastKnownFileType = sourcecode.c.objc; path = Appirater.m; sourceTree = "<group>"; };
		B6AF26C516E951F5009E18BB /* AppiraterDelegate.h */ = {isa = PBXFileReference; fileEncoding = 4; lastKnownFileType = sourcecode.c.h; path = AppiraterDelegate.h; sourceTree = "<group>"; };
		B6AF26C716E95297009E18BB /* StoreKit.framework */ = {isa = PBXFileReference; lastKnownFileType = wrapper.framework; name = StoreKit.framework; path = System/Library/Frameworks/StoreKit.framework; sourceTree = SDKROOT; };
		B6AF26C916E952B9009E18BB /* CFNetwork.framework */ = {isa = PBXFileReference; lastKnownFileType = wrapper.framework; name = CFNetwork.framework; path = System/Library/Frameworks/CFNetwork.framework; sourceTree = SDKROOT; };
		B6AF26CB16E952C5009E18BB /* SystemConfiguration.framework */ = {isa = PBXFileReference; lastKnownFileType = wrapper.framework; name = SystemConfiguration.framework; path = System/Library/Frameworks/SystemConfiguration.framework; sourceTree = SDKROOT; };
		B6AF26CF16E95903009E18BB /* list_16x14@2x.png */ = {isa = PBXFileReference; lastKnownFileType = image.png; path = "list_16x14@2x.png"; sourceTree = "<group>"; };
		B6AF26D016E95903009E18BB /* calendar_alt_fill_16x16.png */ = {isa = PBXFileReference; lastKnownFileType = image.png; path = calendar_alt_fill_16x16.png; sourceTree = "<group>"; };
		B6AF26D616E9591A009E18BB /* calendar_alt_fill_16x16@2x.png */ = {isa = PBXFileReference; lastKnownFileType = image.png; path = "calendar_alt_fill_16x16@2x.png"; sourceTree = "<group>"; };
		B6AF26D816E96027009E18BB /* list_16x14.png */ = {isa = PBXFileReference; lastKnownFileType = image.png; path = list_16x14.png; sourceTree = "<group>"; };
		B6AF26DA16E9741B009E18BB /* arrow_new.png */ = {isa = PBXFileReference; lastKnownFileType = image.png; path = arrow_new.png; sourceTree = "<group>"; };
		B6AF272816EA96F6009E18BB /* iCarousel.h */ = {isa = PBXFileReference; fileEncoding = 4; lastKnownFileType = sourcecode.c.h; path = iCarousel.h; sourceTree = "<group>"; };
		B6AF272916EA96F6009E18BB /* iCarousel.m */ = {isa = PBXFileReference; fileEncoding = 4; lastKnownFileType = sourcecode.c.objc; path = iCarousel.m; sourceTree = "<group>"; };
		B6AF272B16EA9710009E18BB /* black-Linen@2X.png */ = {isa = PBXFileReference; lastKnownFileType = image.png; path = "black-Linen@2X.png"; sourceTree = "<group>"; };
		B6AF272C16EA9711009E18BB /* black-Linen.png */ = {isa = PBXFileReference; lastKnownFileType = image.png; path = "black-Linen.png"; sourceTree = "<group>"; };
		B6AF272D16EA9712009E18BB /* lannan.gif */ = {isa = PBXFileReference; lastKnownFileType = image.gif; path = lannan.gif; sourceTree = "<group>"; };
		B6AF272E16EA9714009E18BB /* PDSponsorsView.h */ = {isa = PBXFileReference; fileEncoding = 4; lastKnownFileType = sourcecode.c.h; path = PDSponsorsView.h; sourceTree = "<group>"; };
		B6AF272F16EA9716009E18BB /* PDSponsorsView.m */ = {isa = PBXFileReference; fileEncoding = 4; lastKnownFileType = sourcecode.c.objc; path = PDSponsorsView.m; sourceTree = "<group>"; };
		B6AF273416EA9793009E18BB /* PDSponsor.h */ = {isa = PBXFileReference; fileEncoding = 4; lastKnownFileType = sourcecode.c.h; path = PDSponsor.h; sourceTree = "<group>"; };
		B6AF273516EA9793009E18BB /* PDSponsor.m */ = {isa = PBXFileReference; fileEncoding = 4; lastKnownFileType = sourcecode.c.objc; path = PDSponsor.m; sourceTree = "<group>"; };
		B6CBEEBF1582C6F9005AE033 /* PDMoreViewController.h */ = {isa = PBXFileReference; fileEncoding = 4; lastKnownFileType = sourcecode.c.h; path = PDMoreViewController.h; sourceTree = "<group>"; };
		B6CBEEC01582C6F9005AE033 /* PDMoreViewController.m */ = {isa = PBXFileReference; fileEncoding = 4; lastKnownFileType = sourcecode.c.objc; path = PDMoreViewController.m; sourceTree = "<group>"; };
		B6CBEEC11582C6F9005AE033 /* PDMoreViewController.xib */ = {isa = PBXFileReference; fileEncoding = 4; lastKnownFileType = file.xib; path = PDMoreViewController.xib; sourceTree = "<group>"; };
		B6CBEEFE1586B69A005AE033 /* PDWindow.h */ = {isa = PBXFileReference; fileEncoding = 4; lastKnownFileType = sourcecode.c.h; path = PDWindow.h; sourceTree = "<group>"; };
		B6CBEEFF1586B69A005AE033 /* PDWindow.m */ = {isa = PBXFileReference; fileEncoding = 4; lastKnownFileType = sourcecode.c.objc; path = PDWindow.m; sourceTree = "<group>"; };
		B6CBEF0515870E1D005AE033 /* more_info_tab_bg@2x.png */ = {isa = PBXFileReference; lastKnownFileType = image.png; path = "more_info_tab_bg@2x.png"; sourceTree = "<group>"; };
		B6CBEF07158716C3005AE033 /* logo@2x.png */ = {isa = PBXFileReference; lastKnownFileType = image.png; path = "logo@2x.png"; sourceTree = "<group>"; };
		B6CBEF09158717EB005AE033 /* logo_iPad.png */ = {isa = PBXFileReference; lastKnownFileType = image.png; name = logo_iPad.png; path = ../logo_iPad.png; sourceTree = "<group>"; };
		B6EF93F916A8B6AA000CB0E4 /* default-avatar.png */ = {isa = PBXFileReference; lastKnownFileType = image.png; path = "default-avatar.png"; sourceTree = "<group>"; };
/* End PBXFileReference section */

/* Begin PBXFrameworksBuildPhase section */
		B670F64F1534CCB20045906A /* Frameworks */ = {
			isa = PBXFrameworksBuildPhase;
			buildActionMask = 2147483647;
			files = (
				B61A535916F14903009BD664 /* CoreText.framework in Frameworks */,
				B6AF26CC16E952C6009E18BB /* SystemConfiguration.framework in Frameworks */,
				B6AF26CA16E952BA009E18BB /* CFNetwork.framework in Frameworks */,
				B6AF26C816E95298009E18BB /* StoreKit.framework in Frameworks */,
				969D182216E07F01009E7D3B /* libz.dylib in Frameworks */,
				969D182016E07EF3009E7D3B /* Security.framework in Frameworks */,
				969D181E16E07EE3009E7D3B /* libxml2.2.dylib in Frameworks */,
				B62A65A41599393B007EB20D /* AssetsLibrary.framework in Frameworks */,
				B66D4C31157ED20D005830A4 /* MessageUI.framework in Frameworks */,
				B66D4C1E157EBCFB005830A4 /* Twitter.framework in Frameworks */,
				B63176A21578342B00B12331 /* QuartzCore.framework in Frameworks */,
				B631765C157824F700B12331 /* CoreData.framework in Frameworks */,
				B670F6571534CCB20045906A /* UIKit.framework in Frameworks */,
				B670F6591534CCB20045906A /* Foundation.framework in Frameworks */,
				B670F65B1534CCB20045906A /* CoreGraphics.framework in Frameworks */,
				969D181116E07485009E7D3B /* libPayPalMPL.a in Frameworks */,
			);
			runOnlyForDeploymentPostprocessing = 0;
		};
/* End PBXFrameworksBuildPhase section */

/* Begin PBXGroup section */
		969D180516E07485009E7D3B /* PayPal Library */ = {
			isa = PBXGroup;
			children = (
				969D180616E07485009E7D3B /* libPayPalMPL.a */,
				969D180716E07485009E7D3B /* PayPal.h */,
				969D180816E07485009E7D3B /* PayPalAddress.h */,
				969D180916E07485009E7D3B /* PayPalAdvancedPayment.h */,
				969D180A16E07485009E7D3B /* PayPalAmounts.h */,
				969D180B16E07485009E7D3B /* PayPalInvoiceData.h */,
				969D180C16E07485009E7D3B /* PayPalInvoiceItem.h */,
				969D180D16E07485009E7D3B /* PayPalPayment.h */,
				969D180E16E07485009E7D3B /* PayPalPreapprovalDetails.h */,
				969D180F16E07485009E7D3B /* PayPalReceiverAmounts.h */,
				969D181016E07485009E7D3B /* PayPalReceiverPaymentDetails.h */,
			);
			name = "PayPal Library";
			path = Library;
			sourceTree = "<group>";
		};
		B61A535716F148C1009BD664 /* OHAttributedLabel */ = {
			isa = PBXGroup;
			children = (
				B61A533F16F148BB009BD664 /* OHAttributedLabel.h */,
				B61A534016F148BB009BD664 /* OHAttributedLabel.m */,
				B61A534116F148BB009BD664 /* OHParagraphStyle.h */,
				B61A534216F148BB009BD664 /* OHParagraphStyle.m */,
				B61A534316F148BB009BD664 /* NSAttributedString+Attributes.h */,
				B61A534416F148BB009BD664 /* NSAttributedString+Attributes.m */,
				B61A534516F148BB009BD664 /* NSTextCheckingResult+ExtendedURL.h */,
				B61A534616F148BB009BD664 /* NSTextCheckingResult+ExtendedURL.m */,
				B61A534716F148BB009BD664 /* OHASMarkupParserBase.h */,
				B61A534816F148BB009BD664 /* OHASMarkupParserBase.m */,
				B61A534916F148BB009BD664 /* OHASBasicHTMLParser.h */,
				B61A534A16F148BB009BD664 /* OHASBasicHTMLParser.m */,
				B61A534B16F148BB009BD664 /* OHASBasicMarkupParser.h */,
				B61A534C16F148BB009BD664 /* OHASBasicMarkupParser.m */,
				B61A534D16F148BB009BD664 /* CoreTextUtils.h */,
				B61A534E16F148BB009BD664 /* CoreTextUtils.m */,
			);
			name = OHAttributedLabel;
			sourceTree = "<group>";
		};
		B62A65F815A24F83007EB20D /* DTFoundation */ = {
			isa = PBXGroup;
			children = (
				B6352F9A168FCBCB0028344C /* NSURL+DTUnshorten.h */,
				B6352F9B168FCBCB0028344C /* NSURL+DTUnshorten.m */,
			);
			name = DTFoundation;
			sourceTree = "<group>";
		};
		B63176571578233E00B12331 /* Model */ = {
			isa = PBXGroup;
			children = (
				B6AF256116E7F8EB009E18BB /* PDModel.xcdatamodeld */,
				B63176581578235B00B12331 /* PDPoem.h */,
				B63176591578235B00B12331 /* PDPoem.m */,
				B6AF273416EA9793009E18BB /* PDSponsor.h */,
				B6AF273516EA9793009E18BB /* PDSponsor.m */,
				B66D4C16157EBBC8005830A4 /* PDTweet.h */,
				B66D4C17157EBBC8005830A4 /* PDTweet.m */,
				B69BA96916A8AAB000708524 /* Incremental Store */,
			);
			name = Model;
			sourceTree = "<group>";
		};
		B631765D1578255E00B12331 /* Network & Caching */ = {
			isa = PBXGroup;
			children = (
				B631765E1578258D00B12331 /* PDMediaServer.h */,
				B631765F1578258D00B12331 /* PDMediaServer.m */,
				B631769615782D1100B12331 /* PDCachedDataController.h */,
				B631769715782D1100B12331 /* PDCachedDataController.m */,
				B66D4C13157EB954005830A4 /* PDSocialMediaController.h */,
				B66D4C14157EB954005830A4 /* PDSocialMediaController.m */,
			);
			name = "Network & Caching";
			sourceTree = "<group>";
		};
		B66D4BDB157D699D005830A4 /* SVProgressHUD */ = {
			isa = PBXGroup;
			children = (
				B6919A67156F012700DA70C2 /* SVProgressHUD.bundle */,
				B6919A68156F012700DA70C2 /* SVProgressHUD.h */,
				B6919A69156F012700DA70C2 /* SVProgressHUD.m */,
			);
			name = SVProgressHUD;
			sourceTree = "<group>";
		};
		B66D4BDD157D69A6005830A4 /* iCarousel */ = {
			isa = PBXGroup;
			children = (
				B6AF272816EA96F6009E18BB /* iCarousel.h */,
				B6AF272916EA96F6009E18BB /* iCarousel.m */,
			);
			name = iCarousel;
			sourceTree = "<group>";
		};
		B66D4BE6157D6B8B005830A4 /* View */ = {
			isa = PBXGroup;
			children = (
				B66D4BE7157D6BB6005830A4 /* PDFavoriteView.h */,
				B66D4BE8157D6BB6005830A4 /* PDFavoriteView.m */,
				B6CBEEFE1586B69A005AE033 /* PDWindow.h */,
				B6CBEEFF1586B69A005AE033 /* PDWindow.m */,
			);
			name = View;
			sourceTree = "<group>";
		};
		B66D4C26157ED0F7005830A4 /* SVWebViewController */ = {
			isa = PBXGroup;
			children = (
				B6AF256416E7FAC0009E18BB /* da.lproj */,
				B6AF256716E7FAC0009E18BB /* en.lproj */,
				B6AF256A16E7FAC0009E18BB /* es-ES.lproj */,
				B6AF256D16E7FAC0009E18BB /* es.lproj */,
				B6AF258316E7FADE009E18BB /* SVModalWebViewController.h */,
				B6AF257016E7FAC0009E18BB /* SVModalWebViewController.m */,
				B6AF257116E7FAC0009E18BB /* SVWebViewController.bundle */,
				B6AF257216E7FAC0009E18BB /* SVWebViewController.h */,
				B6AF257316E7FAC0009E18BB /* SVWebViewController.m */,
				B6AF257416E7FAC0009E18BB /* zh-Hans.lproj */,
				B6AF257716E7FAC0009E18BB /* zh-Hant.lproj */,
			);
			name = SVWebViewController;
			sourceTree = "<group>";
		};
		B66EA88016E549890086BE64 /* QBFlatButton */ = {
			isa = PBXGroup;
			children = (
				B66EA87D16E549800086BE64 /* QBFlatButton.h */,
				B66EA87E16E549800086BE64 /* QBFlatButton.m */,
			);
			name = QBFlatButton;
			sourceTree = "<group>";
		};
		B670F6471534CCB20045906A = {
			isa = PBXGroup;
			children = (
				B61A535816F14903009BD664 /* CoreText.framework */,
				B6AF26CB16E952C5009E18BB /* SystemConfiguration.framework */,
				B6AF26C916E952B9009E18BB /* CFNetwork.framework */,
				B6AF26C716E95297009E18BB /* StoreKit.framework */,
				969D182116E07F01009E7D3B /* libz.dylib */,
				969D181F16E07EF3009E7D3B /* Security.framework */,
				969D181D16E07EE3009E7D3B /* libxml2.2.dylib */,
				B670F65C1534CCB20045906A /* Poetry-Daily */,
				B6919A65156F00F800DA70C2 /* Third Party */,
				B6979419158A871F0031162B /* Categories */,
				B670F6551534CCB20045906A /* Frameworks */,
				B670F6531534CCB20045906A /* Products */,
				B66EA87416E1518B0086BE64 /* Poetry-Daily copy-Info.plist */,
			);
			sourceTree = "<group>";
		};
		B670F6531534CCB20045906A /* Products */ = {
			isa = PBXGroup;
			children = (
				B670F6521534CCB20045906A /* Poetry-Daily.app */,
			);
			name = Products;
			sourceTree = "<group>";
		};
		B670F6551534CCB20045906A /* Frameworks */ = {
			isa = PBXGroup;
			children = (
				B62A65A31599393B007EB20D /* AssetsLibrary.framework */,
				B66D4C30157ED20D005830A4 /* MessageUI.framework */,
				B66D4C1D157EBCFB005830A4 /* Twitter.framework */,
				B63176A11578342B00B12331 /* QuartzCore.framework */,
				B631765B157824F700B12331 /* CoreData.framework */,
				B670F6561534CCB20045906A /* UIKit.framework */,
				B670F6581534CCB20045906A /* Foundation.framework */,
				B670F65A1534CCB20045906A /* CoreGraphics.framework */,
			);
			name = Frameworks;
			sourceTree = "<group>";
		};
		B670F65C1534CCB20045906A /* Poetry-Daily */ = {
			isa = PBXGroup;
			children = (
				B670F6651534CCB20045906A /* PDAppDelegate.h */,
				B670F6661534CCB30045906A /* PDAppDelegate.m */,
				B670F68B1534CD560045906A /* View Controllers */,
				B66D4BE6157D6B8B005830A4 /* View */,
				B63176571578233E00B12331 /* Model */,
				B631765D1578255E00B12331 /* Network & Caching */,
				969D180516E07485009E7D3B /* PayPal Library */,
				963AA6FF16E08C0A0083218A /* GlobalSettingsViewController.h */,
				963AA70016E08C0B0083218A /* GlobalSettingsViewController.m */,
				B670F65D1534CCB20045906A /* Supporting Files */,
			);
			path = "Poetry-Daily";
			sourceTree = "<group>";
		};
		B670F65D1534CCB20045906A /* Supporting Files */ = {
			isa = PBXGroup;
			children = (
				B670F68A1534CD0D0045906A /* Images */,
				B670F6871534CCDB0045906A /* XIB */,
				B670F65E1534CCB20045906A /* Poetry-Daily-Info.plist */,
				B670F65F1534CCB20045906A /* InfoPlist.strings */,
				B670F6621534CCB20045906A /* main.m */,
				B670F6641534CCB20045906A /* Poetry-Daily-Prefix.pch */,
				B631769915782D8F00B12331 /* PDConstants.h */,
				B631769A15782D8F00B12331 /* PDConstants.m */,
				B65D269616E6DA0D00F93C19 /* about.html */,
			);
			name = "Supporting Files";
			sourceTree = "<group>";
		};
		B670F6871534CCDB0045906A /* XIB */ = {
			isa = PBXGroup;
			children = (
				B670F6891534CCEB0045906A /* iPad */,
				B670F6881534CCE20045906A /* iPhone */,
			);
			name = XIB;
			sourceTree = "<group>";
		};
		B670F6881534CCE20045906A /* iPhone */ = {
			isa = PBXGroup;
			children = (
				B6919A6E156F01B600DA70C2 /* PDHomeViewController.xib */,
				B6919A73156F028200DA70C2 /* PDMainPoemViewController.xib */,
				B66D4BF4157D8A9A005830A4 /* PDBrowseAllPoemsViewController.xib */,
				B6CBEEC11582C6F9005AE033 /* PDMoreViewController.xib */,
				B631769F1578311E00B12331 /* PDFavoritesViewController.xib */,
				B66D4BE3157D6AC6005830A4 /* PDFavoritesCoverFlowViewController.xib */,
				B66D4C21157EBF37005830A4 /* PDTwitterViewController.xib */,
				969D181516E074F4009E7D3B /* PDDonationsViewController.xib */,
				B65D269316E6D9DE00F93C19 /* PDAboutPDViewController.xib */,
				B6AF26B616E82FFD009E18BB /* PDFeatureViewController.xib */,
			);
			name = iPhone;
			sourceTree = "<group>";
		};
		B670F6891534CCEB0045906A /* iPad */ = {
			isa = PBXGroup;
			children = (
				B66EA87516E152640086BE64 /* PDHomeViewController-iPad.xib */,
			);
			name = iPad;
			sourceTree = "<group>";
		};
		B670F68A1534CD0D0045906A /* Images */ = {
			isa = PBXGroup;
			children = (
				B6AF26BD16E8752D009E18BB /* arrow.png */,
				B6AF272B16EA9710009E18BB /* black-Linen@2X.png */,
				B61A538216F79F32009BD664 /* twitter-icon@2x.png */,
				B61A538316F79F32009BD664 /* twitter-icon.png */,
				B61A537E16F79E5D009BD664 /* news.png */,
				B61A537F16F79E5D009BD664 /* news@2x.png */,
				B64C28CA16EAB50000AD34D5 /* mfa.gif */,
				B6AF272C16EA9711009E18BB /* black-Linen.png */,
				B6AF272D16EA9712009E18BB /* lannan.gif */,
				B6979420158AA3930031162B /* 23-bird.png */,
				B66D4C0A157EAE84005830A4 /* 28-star.png */,
				B66D4C09157EAE84005830A4 /* 33-cabinet.png */,
				B66D4C0B157EAE84005830A4 /* 53-house.png */,
				B65D268A16E6B94600F93C19 /* arrow_left.png */,
				B65D268916E6B94500F93C19 /* arrow_right.png */,
				B67EA450168D037D008C59F5 /* Default-568h@2x.png */,
				B6EF93F916A8B6AA000CB0E4 /* default-avatar.png */,
				B66D4BEA157D74ED005830A4 /* favoriteStar.png */,
				B670F66B1534CCB30045906A /* first.png */,
				B670F66D1534CCB30045906A /* first@2x.png */,
				B6AF26DA16E9741B009E18BB /* arrow_new.png */,
				B66D4BF0157D7937005830A4 /* kenny-powers-accessories_large.png */,
				B64C28C616EAB37300AD34D5 /* fullscreen_alt_16x16.png */,
				B64C28C716EAB37300AD34D5 /* fullscreen_alt_16x16@2x.png */,
				B65D269D16E6DF6000F93C19 /* light_honeycomb.png */,
				B65D269C16E6DF6000F93C19 /* light_honeycomb_@2X.png */,
				B66D4C751580209B005830A4 /* lightpaperfibers.png */,
				B6CBEF07158716C3005AE033 /* logo@2x.png */,
				B6CBEF09158717EB005AE033 /* logo_iPad.png */,
				B65D269A16E6DD4700F93C19 /* lvl2_logo.gif */,
				B6CBEF0515870E1D005AE033 /* more_info_tab_bg@2x.png */,
				B66D4C7315802024005830A4 /* natural_paper.png */,
				B65D268E16E6CCC800F93C19 /* nav_icon_ios_more.png */,
				B65D268D16E6CCC800F93C19 /* nav_icon_ios_more@2x.png */,
				B66D4C7115801F14005830A4 /* paper.png */,
				B65D268516E6B51A00F93C19 /* paper_new.png */,
				B65D268616E6B51A00F93C19 /* paper_new@2X.png */,
				B6979457158AA8C00031162B /* PDLogo.png */,
				B66D4BEE157D789E005830A4 /* plumlystanley.jpeg */,
				B670F6721534CCB30045906A /* second.png */,
				B670F6741534CCB30045906A /* second@2x.png */,
				B65D269816E6DD3A00F93C19 /* sig_combo.png */,
				B66D4C77158021A1005830A4 /* spechbubble_sq_line.png */,
				B66D4C79158021C5005830A4 /* spechbubble_sq_line_black.png */,
				B66D4C36157EFF31005830A4 /* tab_bg.png */,
				B6AF26CD16E958E3009E18BB /* filters */,
				B66D4BEC157D7559005830A4 /* unfilledFavoriteStar.png */,
			);
			name = Images;
			sourceTree = "<group>";
		};
		B670F68B1534CD560045906A /* View Controllers */ = {
			isa = PBXGroup;
			children = (
				B6919A6C156F01B600DA70C2 /* PDHomeViewController.h */,
				B6919A6D156F01B600DA70C2 /* PDHomeViewController.m */,
				B6919A71156F028100DA70C2 /* PDMainPoemViewController.h */,
				B6919A72156F028200DA70C2 /* PDMainPoemViewController.m */,
				969D181316E074F4009E7D3B /* PDDonationsViewController.h */,
				969D181416E074F4009E7D3B /* PDDonationsViewController.m */,
				B66D4BF2157D8A9A005830A4 /* PDBrowseAllPoemsViewController.h */,
				B66D4BF3157D8A9A005830A4 /* PDBrowseAllPoemsViewController.m */,
				B631769C157830EA00B12331 /* PDFavoritesViewController.h */,
				B631769D157830EB00B12331 /* PDFavoritesViewController.m */,
				B66D4BE1157D6AC6005830A4 /* PDFavoritesCoverFlowViewController.h */,
				B66D4BE2157D6AC6005830A4 /* PDFavoritesCoverFlowViewController.m */,
				B66D4C1F157EBF35005830A4 /* PDTwitterViewController.h */,
				B66D4C20157EBF35005830A4 /* PDTwitterViewController.m */,
				B6CBEEBF1582C6F9005AE033 /* PDMoreViewController.h */,
				B6CBEEC01582C6F9005AE033 /* PDMoreViewController.m */,
				969D182C16E08406009E7D3B /* SuccessViewController.h */,
				969D182D16E08406009E7D3B /* SuccessViewController.m */,
				B65D269116E6D9DD00F93C19 /* PDAboutPDViewController.h */,
				B65D269216E6D9DE00F93C19 /* PDAboutPDViewController.m */,
				B6AF26B416E82FFD009E18BB /* PDFeatureViewController.h */,
				B6AF26B516E82FFD009E18BB /* PDFeatureViewController.m */,
				B6AF26BA16E86879009E18BB /* PDTViewController.h */,
				B6AF26BB16E86879009E18BB /* PDTViewController.m */,
				B6AF26BE16E8752D009E18BB /* PullRefreshTableViewController.h */,
				B6AF26BF16E8752D009E18BB /* PullRefreshTableViewController.m */,
				B6AF272E16EA9714009E18BB /* PDSponsorsView.h */,
				B6AF272F16EA9716009E18BB /* PDSponsorsView.m */,
				B61A537616F3D69D009BD664 /* PDChooseNewsViewController.h */,
				B61A537716F3D69D009BD664 /* PDChooseNewsViewController.m */,
				B61A537816F3D69E009BD664 /* PDChooseNewsViewController.xib */,
				B61A537B16F3DCD2009BD664 /* PDNewsViewController.h */,
				B61A537C16F3DCD2009BD664 /* PDNewsViewController.m */,
			);
			name = "View Controllers";
			sourceTree = "<group>";
		};
		B6919A65156F00F800DA70C2 /* Third Party */ = {
			isa = PBXGroup;
			children = (
				B61A535716F148C1009BD664 /* OHAttributedLabel */,
				B6AF26C216E95151009E18BB /* Appirater */,
				B66EA88016E549890086BE64 /* QBFlatButton */,
				B69BA96816A8A81F00708524 /* AFNetworking */,
				B62A65F815A24F83007EB20D /* DTFoundation */,
				B66D4C26157ED0F7005830A4 /* SVWebViewController */,
				B66D4BDD157D69A6005830A4 /* iCarousel */,
				B66D4BDB157D699D005830A4 /* SVProgressHUD */,
			);
			name = "Third Party";
			sourceTree = "<group>";
		};
		B6979419158A871F0031162B /* Categories */ = {
			isa = PBXGroup;
			children = (
				B697941D158A87DA0031162B /* NSDate+PDAdditions.h */,
				B697941E158A87DA0031162B /* NSDate+PDAdditions.m */,
			);
			name = Categories;
			path = "Poetry-Daily";
			sourceTree = "<group>";
		};
		B69BA96816A8A81F00708524 /* AFNetworking */ = {
			isa = PBXGroup;
			children = (
				B69BA94C16A8A81800708524 /* AFHTTPClient.h */,
				B69BA94D16A8A81800708524 /* AFHTTPClient.m */,
				B69BA94E16A8A81800708524 /* AFHTTPRequestOperation.h */,
				B69BA94F16A8A81800708524 /* AFHTTPRequestOperation.m */,
				B69BA95016A8A81800708524 /* AFImageRequestOperation.h */,
				B69BA95116A8A81800708524 /* AFImageRequestOperation.m */,
				B69BA95216A8A81800708524 /* AFJSONRequestOperation.h */,
				B69BA95316A8A81800708524 /* AFJSONRequestOperation.m */,
				B69BA95416A8A81800708524 /* AFNetworkActivityIndicatorManager.h */,
				B69BA95516A8A81800708524 /* AFNetworkActivityIndicatorManager.m */,
				B69BA95616A8A81800708524 /* AFNetworking.h */,
				B69BA95716A8A81800708524 /* AFPropertyListRequestOperation.h */,
				B69BA95816A8A81800708524 /* AFPropertyListRequestOperation.m */,
				B69BA95916A8A81800708524 /* AFURLConnectionOperation.h */,
				B69BA95A16A8A81800708524 /* AFURLConnectionOperation.m */,
				B69BA95B16A8A81800708524 /* AFXMLRequestOperation.h */,
				B69BA95C16A8A81800708524 /* AFXMLRequestOperation.m */,
				B69BA95D16A8A81800708524 /* UIImageView+AFNetworking.h */,
				B69BA95E16A8A81800708524 /* UIImageView+AFNetworking.m */,
			);
			name = AFNetworking;
			sourceTree = "<group>";
		};
		B69BA96916A8AAB000708524 /* Incremental Store */ = {
			isa = PBXGroup;
			children = (
			);
			name = "Incremental Store";
			sourceTree = "<group>";
		};
		B6AF256416E7FAC0009E18BB /* da.lproj */ = {
			isa = PBXGroup;
			children = (
				B6AF256516E7FAC0009E18BB /* SVWebViewController.strings */,
			);
			path = da.lproj;
			sourceTree = "<group>";
		};
		B6AF256716E7FAC0009E18BB /* en.lproj */ = {
			isa = PBXGroup;
			children = (
				B6AF256816E7FAC0009E18BB /* SVWebViewController.strings */,
			);
			path = en.lproj;
			sourceTree = "<group>";
		};
		B6AF256A16E7FAC0009E18BB /* es-ES.lproj */ = {
			isa = PBXGroup;
			children = (
				B6AF256B16E7FAC0009E18BB /* SVWebViewController.strings */,
			);
			path = "es-ES.lproj";
			sourceTree = "<group>";
		};
		B6AF256D16E7FAC0009E18BB /* es.lproj */ = {
			isa = PBXGroup;
			children = (
				B6AF256E16E7FAC0009E18BB /* SVWebViewController.strings */,
			);
			path = es.lproj;
			sourceTree = "<group>";
		};
		B6AF257416E7FAC0009E18BB /* zh-Hans.lproj */ = {
			isa = PBXGroup;
			children = (
				B6AF257516E7FAC0009E18BB /* SVWebViewController.strings */,
			);
			path = "zh-Hans.lproj";
			sourceTree = "<group>";
		};
		B6AF257716E7FAC0009E18BB /* zh-Hant.lproj */ = {
			isa = PBXGroup;
			children = (
				B6AF257816E7FAC0009E18BB /* SVWebViewController.strings */,
			);
			path = "zh-Hant.lproj";
			sourceTree = "<group>";
		};
		B6AF26C216E95151009E18BB /* Appirater */ = {
			isa = PBXGroup;
			children = (
				B6AF26C316E951F5009E18BB /* Appirater.h */,
				B6AF26C416E951F5009E18BB /* Appirater.m */,
				B6AF26C516E951F5009E18BB /* AppiraterDelegate.h */,
			);
			name = Appirater;
			sourceTree = "<group>";
		};
		B6AF26CD16E958E3009E18BB /* filters */ = {
			isa = PBXGroup;
			children = (
				B6AF26D816E96027009E18BB /* list_16x14.png */,
				B6AF26CF16E95903009E18BB /* list_16x14@2x.png */,
				B6AF26D016E95903009E18BB /* calendar_alt_fill_16x16.png */,
				B6AF26D616E9591A009E18BB /* calendar_alt_fill_16x16@2x.png */,
			);
			name = filters;
			sourceTree = "<group>";
		};
/* End PBXGroup section */

/* Begin PBXNativeTarget section */
		B670F6511534CCB20045906A /* Poetry-Daily */ = {
			isa = PBXNativeTarget;
			buildConfigurationList = B670F6841534CCB30045906A /* Build configuration list for PBXNativeTarget "Poetry-Daily" */;
			buildPhases = (
				B670F64E1534CCB20045906A /* Sources */,
				B670F64F1534CCB20045906A /* Frameworks */,
				B670F6501534CCB20045906A /* Resources */,
			);
			buildRules = (
			);
			dependencies = (
			);
			name = "Poetry-Daily";
			productName = "Poetry-Daily";
			productReference = B670F6521534CCB20045906A /* Poetry-Daily.app */;
			productType = "com.apple.product-type.application";
		};
/* End PBXNativeTarget section */

/* Begin PBXProject section */
		B670F6491534CCB20045906A /* Project object */ = {
			isa = PBXProject;
			attributes = {
				CLASSPREFIX = PD;
				LastUpgradeCheck = 0460;
				ORGANIZATIONNAME = "ELC Technologies";
			};
			buildConfigurationList = B670F64C1534CCB20045906A /* Build configuration list for PBXProject "Poetry-Daily" */;
			compatibilityVersion = "Xcode 3.2";
			developmentRegion = English;
			hasScannedForEncodings = 0;
			knownRegions = (
				en,
				da,
				"es-ES",
				es,
				"zh-Hans",
				"zh-Hant",
			);
			mainGroup = B670F6471534CCB20045906A;
			productRefGroup = B670F6531534CCB20045906A /* Products */;
			projectDirPath = "";
			projectRoot = "";
			targets = (
				B670F6511534CCB20045906A /* Poetry-Daily */,
			);
		};
/* End PBXProject section */

/* Begin PBXResourcesBuildPhase section */
		B670F6501534CCB20045906A /* Resources */ = {
			isa = PBXResourcesBuildPhase;
			buildActionMask = 2147483647;
			files = (
				B670F6611534CCB20045906A /* InfoPlist.strings in Resources */,
				B670F66C1534CCB30045906A /* first.png in Resources */,
				B670F66E1534CCB30045906A /* first@2x.png in Resources */,
				B670F6731534CCB30045906A /* second.png in Resources */,
				B670F6751534CCB30045906A /* second@2x.png in Resources */,
				B6919A6A156F012700DA70C2 /* SVProgressHUD.bundle in Resources */,
				B6919A70156F01B600DA70C2 /* PDHomeViewController.xib in Resources */,
				B6919A75156F028200DA70C2 /* PDMainPoemViewController.xib in Resources */,
				B63176A01578311E00B12331 /* PDFavoritesViewController.xib in Resources */,
				B66D4BE5157D6AC6005830A4 /* PDFavoritesCoverFlowViewController.xib in Resources */,
				B66D4BEB157D74ED005830A4 /* favoriteStar.png in Resources */,
				B66D4BED157D7559005830A4 /* unfilledFavoriteStar.png in Resources */,
				B66D4BEF157D789E005830A4 /* plumlystanley.jpeg in Resources */,
				B66D4BF1157D7938005830A4 /* kenny-powers-accessories_large.png in Resources */,
				B66D4BF6157D8A9A005830A4 /* PDBrowseAllPoemsViewController.xib in Resources */,
				B66D4C0C157EAE84005830A4 /* 33-cabinet.png in Resources */,
				B66D4C0D157EAE84005830A4 /* 28-star.png in Resources */,
				B66D4C0E157EAE84005830A4 /* 53-house.png in Resources */,
				B66D4C23157EBF38005830A4 /* PDTwitterViewController.xib in Resources */,
				B66D4C37157EFF31005830A4 /* tab_bg.png in Resources */,
				B66D4C7215801F15005830A4 /* paper.png in Resources */,
				B66D4C7415802025005830A4 /* natural_paper.png in Resources */,
				B66D4C761580209B005830A4 /* lightpaperfibers.png in Resources */,
				B66D4C78158021A2005830A4 /* spechbubble_sq_line.png in Resources */,
				B66D4C7A158021C5005830A4 /* spechbubble_sq_line_black.png in Resources */,
				B6CBEEC31582C6F9005AE033 /* PDMoreViewController.xib in Resources */,
				B6CBEF0615870E1D005AE033 /* more_info_tab_bg@2x.png in Resources */,
				B6CBEF08158716C3005AE033 /* logo@2x.png in Resources */,
				B6CBEF0A158717EB005AE033 /* logo_iPad.png in Resources */,
				B6979421158AA3930031162B /* 23-bird.png in Resources */,
				B6979458158AA8C00031162B /* PDLogo.png in Resources */,
				B67EA451168D037D008C59F5 /* Default-568h@2x.png in Resources */,
				B6EF93FA16A8B6AA000CB0E4 /* default-avatar.png in Resources */,
				B66EA87616E152640086BE64 /* PDHomeViewController-iPad.xib in Resources */,
				969D181716E074F4009E7D3B /* PDDonationsViewController.xib in Resources */,
				B65D268716E6B51A00F93C19 /* paper_new.png in Resources */,
				B65D268816E6B51A00F93C19 /* paper_new@2X.png in Resources */,
				B65D268B16E6B94600F93C19 /* arrow_right.png in Resources */,
				B65D268C16E6B94600F93C19 /* arrow_left.png in Resources */,
				B65D268F16E6CCC800F93C19 /* nav_icon_ios_more@2x.png in Resources */,
				B65D269016E6CCC800F93C19 /* nav_icon_ios_more.png in Resources */,
				B65D269516E6D9DE00F93C19 /* PDAboutPDViewController.xib in Resources */,
				B65D269716E6DA0D00F93C19 /* about.html in Resources */,
				B65D269916E6DD3A00F93C19 /* sig_combo.png in Resources */,
				B65D269B16E6DD4700F93C19 /* lvl2_logo.gif in Resources */,
				B65D269E16E6DF6000F93C19 /* light_honeycomb_@2X.png in Resources */,
				B65D269F16E6DF6000F93C19 /* light_honeycomb.png in Resources */,
				B6AF257A16E7FAC0009E18BB /* SVWebViewController.strings in Resources */,
				B6AF257B16E7FAC0009E18BB /* SVWebViewController.strings in Resources */,
				B6AF257C16E7FAC0009E18BB /* SVWebViewController.strings in Resources */,
				B6AF257D16E7FAC0009E18BB /* SVWebViewController.strings in Resources */,
				B6AF257F16E7FAC0009E18BB /* SVWebViewController.bundle in Resources */,
				B6AF258116E7FAC0009E18BB /* SVWebViewController.strings in Resources */,
				B6AF258216E7FAC0009E18BB /* SVWebViewController.strings in Resources */,
				B6AF26B816E82FFD009E18BB /* PDFeatureViewController.xib in Resources */,
				B6AF26C016E8752E009E18BB /* arrow.png in Resources */,
				B6AF26D316E95903009E18BB /* list_16x14@2x.png in Resources */,
				B6AF26D416E95903009E18BB /* calendar_alt_fill_16x16.png in Resources */,
				B6AF26D716E9591A009E18BB /* calendar_alt_fill_16x16@2x.png in Resources */,
				B6AF26D916E96027009E18BB /* list_16x14.png in Resources */,
				B6AF26DB16E9741C009E18BB /* arrow_new.png in Resources */,
				B6AF273016EA9717009E18BB /* black-Linen@2X.png in Resources */,
				B6AF273116EA9717009E18BB /* black-Linen.png in Resources */,
				B6AF273216EA9717009E18BB /* lannan.gif in Resources */,
				B64C28C816EAB37300AD34D5 /* fullscreen_alt_16x16.png in Resources */,
				B64C28C916EAB37300AD34D5 /* fullscreen_alt_16x16@2x.png in Resources */,
				B64C28CB16EAB50000AD34D5 /* mfa.gif in Resources */,
				B61A537A16F3D69E009BD664 /* PDChooseNewsViewController.xib in Resources */,
				B61A538016F79E5D009BD664 /* news.png in Resources */,
				B61A538116F79E5D009BD664 /* news@2x.png in Resources */,
				B61A538416F79F32009BD664 /* twitter-icon@2x.png in Resources */,
				B61A538516F79F32009BD664 /* twitter-icon.png in Resources */,
			);
			runOnlyForDeploymentPostprocessing = 0;
		};
/* End PBXResourcesBuildPhase section */

/* Begin PBXSourcesBuildPhase section */
		B670F64E1534CCB20045906A /* Sources */ = {
			isa = PBXSourcesBuildPhase;
			buildActionMask = 2147483647;
			files = (
				969D182F16E0846D009E7D3B /* SuccessViewController.m in Sources */,
				B670F6631534CCB20045906A /* main.m in Sources */,
				B670F6671534CCB30045906A /* PDAppDelegate.m in Sources */,
				B6919A6B156F012700DA70C2 /* SVProgressHUD.m in Sources */,
				B6919A6F156F01B600DA70C2 /* PDHomeViewController.m in Sources */,
				B6919A74156F028200DA70C2 /* PDMainPoemViewController.m in Sources */,
				B631765A1578235B00B12331 /* PDPoem.m in Sources */,
				B63176601578258E00B12331 /* PDMediaServer.m in Sources */,
				B631769815782D1100B12331 /* PDCachedDataController.m in Sources */,
				B631769B15782D9000B12331 /* PDConstants.m in Sources */,
				B631769E157830EB00B12331 /* PDFavoritesViewController.m in Sources */,
				B66D4BE4157D6AC6005830A4 /* PDFavoritesCoverFlowViewController.m in Sources */,
				B66D4BE9157D6BB6005830A4 /* PDFavoriteView.m in Sources */,
				B66D4BF5157D8A9A005830A4 /* PDBrowseAllPoemsViewController.m in Sources */,
				B66D4C15157EB954005830A4 /* PDSocialMediaController.m in Sources */,
				B66D4C18157EBBC8005830A4 /* PDTweet.m in Sources */,
				B66D4C22157EBF38005830A4 /* PDTwitterViewController.m in Sources */,
				B6CBEEC21582C6F9005AE033 /* PDMoreViewController.m in Sources */,
				B6CBEF001586B69A005AE033 /* PDWindow.m in Sources */,
				B697941F158A87DA0031162B /* NSDate+PDAdditions.m in Sources */,
				B6352F9C168FCBCB0028344C /* NSURL+DTUnshorten.m in Sources */,
				B69BA95F16A8A81800708524 /* AFHTTPClient.m in Sources */,
				B69BA96016A8A81800708524 /* AFHTTPRequestOperation.m in Sources */,
				B69BA96116A8A81800708524 /* AFImageRequestOperation.m in Sources */,
				B69BA96216A8A81800708524 /* AFJSONRequestOperation.m in Sources */,
				B69BA96316A8A81800708524 /* AFNetworkActivityIndicatorManager.m in Sources */,
				B69BA96416A8A81800708524 /* AFPropertyListRequestOperation.m in Sources */,
				B69BA96516A8A81800708524 /* AFURLConnectionOperation.m in Sources */,
				B69BA96616A8A81800708524 /* AFXMLRequestOperation.m in Sources */,
				B69BA96716A8A81800708524 /* UIImageView+AFNetworking.m in Sources */,
				969D181616E074F4009E7D3B /* PDDonationsViewController.m in Sources */,
				B66EA87F16E549800086BE64 /* QBFlatButton.m in Sources */,
				B65D269416E6D9DE00F93C19 /* PDAboutPDViewController.m in Sources */,
				B6AF256316E7F8EB009E18BB /* PDModel.xcdatamodeld in Sources */,
				B6AF257E16E7FAC0009E18BB /* SVModalWebViewController.m in Sources */,
				B6AF258016E7FAC0009E18BB /* SVWebViewController.m in Sources */,
				B6AF26B716E82FFD009E18BB /* PDFeatureViewController.m in Sources */,
				B6AF26BC16E86879009E18BB /* PDTViewController.m in Sources */,
				B6AF26C116E8752E009E18BB /* PullRefreshTableViewController.m in Sources */,
				B6AF26C616E951F5009E18BB /* Appirater.m in Sources */,
				B6AF272A16EA96F6009E18BB /* iCarousel.m in Sources */,
				B6AF273316EA9717009E18BB /* PDSponsorsView.m in Sources */,
				B6AF273616EA9793009E18BB /* PDSponsor.m in Sources */,
				B61A534F16F148BB009BD664 /* OHAttributedLabel.m in Sources */,
				B61A535016F148BB009BD664 /* OHParagraphStyle.m in Sources */,
				B61A535116F148BB009BD664 /* NSAttributedString+Attributes.m in Sources */,
				B61A535216F148BB009BD664 /* NSTextCheckingResult+ExtendedURL.m in Sources */,
				B61A535316F148BB009BD664 /* OHASMarkupParserBase.m in Sources */,
				B61A535416F148BB009BD664 /* OHASBasicHTMLParser.m in Sources */,
				B61A535516F148BB009BD664 /* OHASBasicMarkupParser.m in Sources */,
				B61A535616F148BB009BD664 /* CoreTextUtils.m in Sources */,
				B61A537916F3D69E009BD664 /* PDChooseNewsViewController.m in Sources */,
				B61A537D16F3DCD2009BD664 /* PDNewsViewController.m in Sources */,
			);
			runOnlyForDeploymentPostprocessing = 0;
		};
/* End PBXSourcesBuildPhase section */

/* Begin PBXVariantGroup section */
		B670F65F1534CCB20045906A /* InfoPlist.strings */ = {
			isa = PBXVariantGroup;
			children = (
				B670F6601534CCB20045906A /* en */,
			);
			name = InfoPlist.strings;
			sourceTree = "<group>";
		};
		B6AF256516E7FAC0009E18BB /* SVWebViewController.strings */ = {
			isa = PBXVariantGroup;
			children = (
				B6AF256616E7FAC0009E18BB /* da */,
			);
			name = SVWebViewController.strings;
			sourceTree = "<group>";
		};
		B6AF256816E7FAC0009E18BB /* SVWebViewController.strings */ = {
			isa = PBXVariantGroup;
			children = (
				B6AF256916E7FAC0009E18BB /* en */,
			);
			name = SVWebViewController.strings;
			sourceTree = "<group>";
		};
		B6AF256B16E7FAC0009E18BB /* SVWebViewController.strings */ = {
			isa = PBXVariantGroup;
			children = (
				B6AF256C16E7FAC0009E18BB /* es-ES */,
			);
			name = SVWebViewController.strings;
			sourceTree = "<group>";
		};
		B6AF256E16E7FAC0009E18BB /* SVWebViewController.strings */ = {
			isa = PBXVariantGroup;
			children = (
				B6AF256F16E7FAC0009E18BB /* es */,
			);
			name = SVWebViewController.strings;
			sourceTree = "<group>";
		};
		B6AF257516E7FAC0009E18BB /* SVWebViewController.strings */ = {
			isa = PBXVariantGroup;
			children = (
				B6AF257616E7FAC0009E18BB /* zh-Hans */,
			);
			name = SVWebViewController.strings;
			sourceTree = "<group>";
		};
		B6AF257816E7FAC0009E18BB /* SVWebViewController.strings */ = {
			isa = PBXVariantGroup;
			children = (
				B6AF257916E7FAC0009E18BB /* zh-Hant */,
			);
			name = SVWebViewController.strings;
			sourceTree = "<group>";
		};
		B6AF258316E7FADE009E18BB /* SVModalWebViewController.h */ = {
			isa = PBXVariantGroup;
			children = (
				B6AF258416E7FADE009E18BB /* es */,
			);
			name = SVModalWebViewController.h;
			path = es.lproj;
			sourceTree = "<group>";
		};
/* End PBXVariantGroup section */

/* Begin XCBuildConfiguration section */
		B670F6821534CCB30045906A /* Debug */ = {
			isa = XCBuildConfiguration;
			buildSettings = {
				ALWAYS_SEARCH_USER_PATHS = NO;
				ARCHS = "$(ARCHS_STANDARD_32_BIT)";
				CLANG_ENABLE_OBJC_ARC = YES;
				CLANG_WARN_CONSTANT_CONVERSION = YES;
				CLANG_WARN_ENUM_CONVERSION = YES;
				CLANG_WARN_INT_CONVERSION = YES;
				CLANG_WARN__DUPLICATE_METHOD_MATCH = YES;
				"CODE_SIGN_IDENTITY[sdk=iphoneos*]" = "iPhone Developer";
				COPY_PHASE_STRIP = NO;
				GCC_C_LANGUAGE_STANDARD = gnu99;
				GCC_DYNAMIC_NO_PIC = NO;
				GCC_OPTIMIZATION_LEVEL = 0;
				GCC_PREPROCESSOR_DEFINITIONS = (
					"DEBUG=1",
					"$(inherited)",
				);
				GCC_SYMBOLS_PRIVATE_EXTERN = NO;
				GCC_VERSION = com.apple.compilers.llvm.clang.1_0;
				GCC_WARN_ABOUT_RETURN_TYPE = YES;
				GCC_WARN_UNINITIALIZED_AUTOS = YES;
				GCC_WARN_UNUSED_VARIABLE = YES;
				IPHONEOS_DEPLOYMENT_TARGET = 5.0;
				SDKROOT = iphoneos;
				TARGETED_DEVICE_FAMILY = "1,2";
			};
			name = Debug;
		};
		B670F6831534CCB30045906A /* Release */ = {
			isa = XCBuildConfiguration;
			buildSettings = {
				ALWAYS_SEARCH_USER_PATHS = NO;
				ARCHS = "$(ARCHS_STANDARD_32_BIT)";
				CLANG_ENABLE_OBJC_ARC = YES;
				CLANG_WARN_CONSTANT_CONVERSION = YES;
				CLANG_WARN_ENUM_CONVERSION = YES;
				CLANG_WARN_INT_CONVERSION = YES;
				CLANG_WARN__DUPLICATE_METHOD_MATCH = YES;
				CODE_SIGN_IDENTITY = "iPhone Distribution: Poetry Daily";
				"CODE_SIGN_IDENTITY[sdk=iphoneos*]" = "iPhone Distribution: Poetry Daily";
				COPY_PHASE_STRIP = YES;
				GCC_C_LANGUAGE_STANDARD = gnu99;
				GCC_VERSION = com.apple.compilers.llvm.clang.1_0;
				GCC_WARN_ABOUT_RETURN_TYPE = YES;
				GCC_WARN_UNINITIALIZED_AUTOS = YES;
				GCC_WARN_UNUSED_VARIABLE = YES;
				IPHONEOS_DEPLOYMENT_TARGET = 5.0;
				OTHER_CFLAGS = "-DNS_BLOCK_ASSERTIONS=1";
				PROVISIONING_PROFILE = "D53C5DF5-9178-4A2A-AEC0-6CB24B593EF9";
				"PROVISIONING_PROFILE[sdk=iphoneos*]" = "D53C5DF5-9178-4A2A-AEC0-6CB24B593EF9";
				SDKROOT = iphoneos;
				TARGETED_DEVICE_FAMILY = "1,2";
				VALIDATE_PRODUCT = YES;
			};
			name = Release;
		};
		B670F6851534CCB30045906A /* Debug */ = {
			isa = XCBuildConfiguration;
			buildSettings = {
				GCC_PRECOMPILE_PREFIX_HEADER = YES;
				GCC_PREFIX_HEADER = "Poetry-Daily/Poetry-Daily-Prefix.pch";
				INFOPLIST_FILE = "Poetry-Daily/Poetry-Daily-Info.plist";
				IPHONEOS_DEPLOYMENT_TARGET = 5.1;
				LIBRARY_SEARCH_PATHS = (
					"$(inherited)",
					"\"$(SRCROOT)/Poetry-Daily/Library\"",
				);
				ONLY_ACTIVE_ARCH = NO;
				PRODUCT_NAME = "$(TARGET_NAME)";
				TARGETED_DEVICE_FAMILY = "1,2";
				WRAPPER_EXTENSION = app;
			};
			name = Debug;
		};
		B670F6861534CCB30045906A /* Release */ = {
			isa = XCBuildConfiguration;
			buildSettings = {
				CODE_SIGN_IDENTITY = "iPhone Distribution";
				"CODE_SIGN_IDENTITY[sdk=iphoneos*]" = "iPhone Distribution";
				GCC_PRECOMPILE_PREFIX_HEADER = YES;
				GCC_PREFIX_HEADER = "Poetry-Daily/Poetry-Daily-Prefix.pch";
				INFOPLIST_FILE = "Poetry-Daily/Poetry-Daily-Info.plist";
				IPHONEOS_DEPLOYMENT_TARGET = 5.1;
				LIBRARY_SEARCH_PATHS = (
					"$(inherited)",
					"\"$(SRCROOT)/Poetry-Daily/Library\"",
				);
				ONLY_ACTIVE_ARCH = NO;
				PRODUCT_NAME = "$(TARGET_NAME)";
				PROVISIONING_PROFILE = "";
				"PROVISIONING_PROFILE[sdk=iphoneos*]" = "";
				TARGETED_DEVICE_FAMILY = "1,2";
				WRAPPER_EXTENSION = app;
			};
			name = Release;
		};
/* End XCBuildConfiguration section */

/* Begin XCConfigurationList section */
		B670F64C1534CCB20045906A /* Build configuration list for PBXProject "Poetry-Daily" */ = {
			isa = XCConfigurationList;
			buildConfigurations = (
				B670F6821534CCB30045906A /* Debug */,
				B670F6831534CCB30045906A /* Release */,
			);
			defaultConfigurationIsVisible = 0;
			defaultConfigurationName = Release;
		};
		B670F6841534CCB30045906A /* Build configuration list for PBXNativeTarget "Poetry-Daily" */ = {
			isa = XCConfigurationList;
			buildConfigurations = (
				B670F6851534CCB30045906A /* Debug */,
				B670F6861534CCB30045906A /* Release */,
			);
			defaultConfigurationIsVisible = 0;
			defaultConfigurationName = Release;
		};
/* End XCConfigurationList section */

/* Begin XCVersionGroup section */
		B6AF256116E7F8EB009E18BB /* PDModel.xcdatamodeld */ = {
			isa = XCVersionGroup;
			children = (
				B6AF256216E7F8EB009E18BB /* PDModel.xcdatamodel */,
			);
			currentVersion = B6AF256216E7F8EB009E18BB /* PDModel.xcdatamodel */;
			path = PDModel.xcdatamodeld;
			sourceTree = "<group>";
			versionGroupType = wrapper.xcdatamodel;
		};
/* End XCVersionGroup section */
	};
	rootObject = B670F6491534CCB20045906A /* Project object */;
}
