// !$*UTF8*$!
{
	archiveVersion = 1;
	classes = {
	};
	objectVersion = 46;
	objects = {

/* Begin PBXBuildFile section */
		B62A65A41599393B007EB20D /* AssetsLibrary.framework in Frameworks */ = {isa = PBXBuildFile; fileRef = B62A65A31599393B007EB20D /* AssetsLibrary.framework */; };
		B63176551578224600B12331 /* PDModel.xcdatamodeld in Sources */ = {isa = PBXBuildFile; fileRef = B63176531578224600B12331 /* PDModel.xcdatamodeld */; };
		B631765A1578235B00B12331 /* PDPoem.m in Sources */ = {isa = PBXBuildFile; fileRef = B63176591578235B00B12331 /* PDPoem.m */; };
		B631765C157824F700B12331 /* CoreData.framework in Frameworks */ = {isa = PBXBuildFile; fileRef = B631765B157824F700B12331 /* CoreData.framework */; };
		B63176601578258E00B12331 /* PDMediaServer.m in Sources */ = {isa = PBXBuildFile; fileRef = B631765F1578258D00B12331 /* PDMediaServer.m */; };
		B631769815782D1100B12331 /* PDCachedDataController.m in Sources */ = {isa = PBXBuildFile; fileRef = B631769715782D1100B12331 /* PDCachedDataController.m */; };
		B631769B15782D9000B12331 /* PDConstants.m in Sources */ = {isa = PBXBuildFile; fileRef = B631769A15782D8F00B12331 /* PDConstants.m */; };
		B631769E157830EB00B12331 /* PDFavoritesViewController.m in Sources */ = {isa = PBXBuildFile; fileRef = B631769D157830EB00B12331 /* PDFavoritesViewController.m */; };
		B63176A01578311E00B12331 /* PDFavoritesViewController.xib in Resources */ = {isa = PBXBuildFile; fileRef = B631769F1578311E00B12331 /* PDFavoritesViewController.xib */; };
		B63176A21578342B00B12331 /* QuartzCore.framework in Frameworks */ = {isa = PBXBuildFile; fileRef = B63176A11578342B00B12331 /* QuartzCore.framework */; };
		B6352F9C168FCBCB0028344C /* NSURL+DTUnshorten.m in Sources */ = {isa = PBXBuildFile; fileRef = B6352F9B168FCBCB0028344C /* NSURL+DTUnshorten.m */; };
		B66D4BE0157D6A19005830A4 /* iCarousel.m in Sources */ = {isa = PBXBuildFile; fileRef = B66D4BDF157D6A19005830A4 /* iCarousel.m */; };
		B66D4BE4157D6AC6005830A4 /* PDFavoritesCoverFlowViewController.m in Sources */ = {isa = PBXBuildFile; fileRef = B66D4BE2157D6AC6005830A4 /* PDFavoritesCoverFlowViewController.m */; };
		B66D4BE5157D6AC6005830A4 /* PDFavoritesCoverFlowViewController.xib in Resources */ = {isa = PBXBuildFile; fileRef = B66D4BE3157D6AC6005830A4 /* PDFavoritesCoverFlowViewController.xib */; };
		B66D4BE9157D6BB6005830A4 /* PDFavoriteView.m in Sources */ = {isa = PBXBuildFile; fileRef = B66D4BE8157D6BB6005830A4 /* PDFavoriteView.m */; };
		B66D4BEB157D74ED005830A4 /* favoriteStar.png in Resources */ = {isa = PBXBuildFile; fileRef = B66D4BEA157D74ED005830A4 /* favoriteStar.png */; };
		B66D4BED157D7559005830A4 /* unfilledFavoriteStar.png in Resources */ = {isa = PBXBuildFile; fileRef = B66D4BEC157D7559005830A4 /* unfilledFavoriteStar.png */; };
		B66D4BEF157D789E005830A4 /* plumlystanley.jpeg in Resources */ = {isa = PBXBuildFile; fileRef = B66D4BEE157D789E005830A4 /* plumlystanley.jpeg */; };
		B66D4BF1157D7938005830A4 /* kenny-powers-accessories_large.png in Resources */ = {isa = PBXBuildFile; fileRef = B66D4BF0157D7937005830A4 /* kenny-powers-accessories_large.png */; };
		B66D4BF5157D8A9A005830A4 /* PDBrowseAllPoemsViewController.m in Sources */ = {isa = PBXBuildFile; fileRef = B66D4BF3157D8A9A005830A4 /* PDBrowseAllPoemsViewController.m */; };
		B66D4BF6157D8A9A005830A4 /* PDBrowseAllPoemsViewController.xib in Resources */ = {isa = PBXBuildFile; fileRef = B66D4BF4157D8A9A005830A4 /* PDBrowseAllPoemsViewController.xib */; };
		B66D4C0C157EAE84005830A4 /* 33-cabinet.png in Resources */ = {isa = PBXBuildFile; fileRef = B66D4C09157EAE84005830A4 /* 33-cabinet.png */; };
		B66D4C0D157EAE84005830A4 /* 28-star.png in Resources */ = {isa = PBXBuildFile; fileRef = B66D4C0A157EAE84005830A4 /* 28-star.png */; };
		B66D4C0E157EAE84005830A4 /* 53-house.png in Resources */ = {isa = PBXBuildFile; fileRef = B66D4C0B157EAE84005830A4 /* 53-house.png */; };
		B66D4C15157EB954005830A4 /* PDSocialMediaController.m in Sources */ = {isa = PBXBuildFile; fileRef = B66D4C14157EB954005830A4 /* PDSocialMediaController.m */; };
		B66D4C18157EBBC8005830A4 /* PDTweet.m in Sources */ = {isa = PBXBuildFile; fileRef = B66D4C17157EBBC8005830A4 /* PDTweet.m */; };
		B66D4C1E157EBCFB005830A4 /* Twitter.framework in Frameworks */ = {isa = PBXBuildFile; fileRef = B66D4C1D157EBCFB005830A4 /* Twitter.framework */; };
		B66D4C22157EBF38005830A4 /* PDTwitterViewController.m in Sources */ = {isa = PBXBuildFile; fileRef = B66D4C20157EBF35005830A4 /* PDTwitterViewController.m */; };
		B66D4C23157EBF38005830A4 /* PDTwitterViewController.xib in Resources */ = {isa = PBXBuildFile; fileRef = B66D4C21157EBF37005830A4 /* PDTwitterViewController.xib */; };
		B66D4C31157ED20D005830A4 /* MessageUI.framework in Frameworks */ = {isa = PBXBuildFile; fileRef = B66D4C30157ED20D005830A4 /* MessageUI.framework */; };
		B66D4C33157ED383005830A4 /* SVModalWebViewController.m in Sources */ = {isa = PBXBuildFile; fileRef = B66D4C28157ED104005830A4 /* SVModalWebViewController.m */; };
		B66D4C35157ED383005830A4 /* SVWebViewController.m in Sources */ = {isa = PBXBuildFile; fileRef = B66D4C2B157ED104005830A4 /* SVWebViewController.m */; };
		B66D4C37157EFF31005830A4 /* tab_bg.png in Resources */ = {isa = PBXBuildFile; fileRef = B66D4C36157EFF31005830A4 /* tab_bg.png */; };
		B66D4C7215801F15005830A4 /* paper.png in Resources */ = {isa = PBXBuildFile; fileRef = B66D4C7115801F14005830A4 /* paper.png */; };
		B66D4C7415802025005830A4 /* natural_paper.png in Resources */ = {isa = PBXBuildFile; fileRef = B66D4C7315802024005830A4 /* natural_paper.png */; };
		B66D4C761580209B005830A4 /* lightpaperfibers.png in Resources */ = {isa = PBXBuildFile; fileRef = B66D4C751580209B005830A4 /* lightpaperfibers.png */; };
		B66D4C78158021A2005830A4 /* spechbubble_sq_line.png in Resources */ = {isa = PBXBuildFile; fileRef = B66D4C77158021A1005830A4 /* spechbubble_sq_line.png */; };
		B66D4C7A158021C5005830A4 /* spechbubble_sq_line_black.png in Resources */ = {isa = PBXBuildFile; fileRef = B66D4C79158021C5005830A4 /* spechbubble_sq_line_black.png */; };
		B66EA87616E152640086BE64 /* PDHomeViewController-iPad.xib in Resources */ = {isa = PBXBuildFile; fileRef = B66EA87516E152640086BE64 /* PDHomeViewController-iPad.xib */; };
		B670F6571534CCB20045906A /* UIKit.framework in Frameworks */ = {isa = PBXBuildFile; fileRef = B670F6561534CCB20045906A /* UIKit.framework */; };
		B670F6591534CCB20045906A /* Foundation.framework in Frameworks */ = {isa = PBXBuildFile; fileRef = B670F6581534CCB20045906A /* Foundation.framework */; };
		B670F65B1534CCB20045906A /* CoreGraphics.framework in Frameworks */ = {isa = PBXBuildFile; fileRef = B670F65A1534CCB20045906A /* CoreGraphics.framework */; };
		B670F6611534CCB20045906A /* InfoPlist.strings in Resources */ = {isa = PBXBuildFile; fileRef = B670F65F1534CCB20045906A /* InfoPlist.strings */; };
		B670F6631534CCB20045906A /* main.m in Sources */ = {isa = PBXBuildFile; fileRef = B670F6621534CCB20045906A /* main.m */; };
		B670F6671534CCB30045906A /* PDAppDelegate.m in Sources */ = {isa = PBXBuildFile; fileRef = B670F6661534CCB30045906A /* PDAppDelegate.m */; };
		B670F66C1534CCB30045906A /* first.png in Resources */ = {isa = PBXBuildFile; fileRef = B670F66B1534CCB30045906A /* first.png */; };
		B670F66E1534CCB30045906A /* first@2x.png in Resources */ = {isa = PBXBuildFile; fileRef = B670F66D1534CCB30045906A /* first@2x.png */; };
		B670F6731534CCB30045906A /* second.png in Resources */ = {isa = PBXBuildFile; fileRef = B670F6721534CCB30045906A /* second.png */; };
		B670F6751534CCB30045906A /* second@2x.png in Resources */ = {isa = PBXBuildFile; fileRef = B670F6741534CCB30045906A /* second@2x.png */; };
		B67EA451168D037D008C59F5 /* Default-568h@2x.png in Resources */ = {isa = PBXBuildFile; fileRef = B67EA450168D037D008C59F5 /* Default-568h@2x.png */; };
		B6919A6A156F012700DA70C2 /* SVProgressHUD.bundle in Resources */ = {isa = PBXBuildFile; fileRef = B6919A67156F012700DA70C2 /* SVProgressHUD.bundle */; };
		B6919A6B156F012700DA70C2 /* SVProgressHUD.m in Sources */ = {isa = PBXBuildFile; fileRef = B6919A69156F012700DA70C2 /* SVProgressHUD.m */; settings = {COMPILER_FLAGS = "-fno-objc-arc"; }; };
		B6919A6F156F01B600DA70C2 /* PDHomeViewController.m in Sources */ = {isa = PBXBuildFile; fileRef = B6919A6D156F01B600DA70C2 /* PDHomeViewController.m */; };
		B6919A70156F01B600DA70C2 /* PDHomeViewController.xib in Resources */ = {isa = PBXBuildFile; fileRef = B6919A6E156F01B600DA70C2 /* PDHomeViewController.xib */; };
		B6919A74156F028200DA70C2 /* PDMainPoemViewController.m in Sources */ = {isa = PBXBuildFile; fileRef = B6919A72156F028200DA70C2 /* PDMainPoemViewController.m */; };
		B6919A75156F028200DA70C2 /* PDMainPoemViewController.xib in Resources */ = {isa = PBXBuildFile; fileRef = B6919A73156F028200DA70C2 /* PDMainPoemViewController.xib */; };
		B697941F158A87DA0031162B /* NSDate+PDAdditions.m in Sources */ = {isa = PBXBuildFile; fileRef = B697941E158A87DA0031162B /* NSDate+PDAdditions.m */; };
		B6979421158AA3930031162B /* 23-bird.png in Resources */ = {isa = PBXBuildFile; fileRef = B6979420158AA3930031162B /* 23-bird.png */; };
		B6979458158AA8C00031162B /* PDLogo.png in Resources */ = {isa = PBXBuildFile; fileRef = B6979457158AA8C00031162B /* PDLogo.png */; };
		B69BA94816A8A7AB00708524 /* AFIncrementalStore.m in Sources */ = {isa = PBXBuildFile; fileRef = B69BA94516A8A7AB00708524 /* AFIncrementalStore.m */; };
		B69BA94916A8A7AB00708524 /* AFRESTClient.m in Sources */ = {isa = PBXBuildFile; fileRef = B69BA94716A8A7AB00708524 /* AFRESTClient.m */; };
		B69BA95F16A8A81800708524 /* AFHTTPClient.m in Sources */ = {isa = PBXBuildFile; fileRef = B69BA94D16A8A81800708524 /* AFHTTPClient.m */; };
		B69BA96016A8A81800708524 /* AFHTTPRequestOperation.m in Sources */ = {isa = PBXBuildFile; fileRef = B69BA94F16A8A81800708524 /* AFHTTPRequestOperation.m */; };
		B69BA96116A8A81800708524 /* AFImageRequestOperation.m in Sources */ = {isa = PBXBuildFile; fileRef = B69BA95116A8A81800708524 /* AFImageRequestOperation.m */; };
		B69BA96216A8A81800708524 /* AFJSONRequestOperation.m in Sources */ = {isa = PBXBuildFile; fileRef = B69BA95316A8A81800708524 /* AFJSONRequestOperation.m */; };
		B69BA96316A8A81800708524 /* AFNetworkActivityIndicatorManager.m in Sources */ = {isa = PBXBuildFile; fileRef = B69BA95516A8A81800708524 /* AFNetworkActivityIndicatorManager.m */; };
		B69BA96416A8A81800708524 /* AFPropertyListRequestOperation.m in Sources */ = {isa = PBXBuildFile; fileRef = B69BA95816A8A81800708524 /* AFPropertyListRequestOperation.m */; };
		B69BA96516A8A81800708524 /* AFURLConnectionOperation.m in Sources */ = {isa = PBXBuildFile; fileRef = B69BA95A16A8A81800708524 /* AFURLConnectionOperation.m */; };
		B69BA96616A8A81800708524 /* AFXMLRequestOperation.m in Sources */ = {isa = PBXBuildFile; fileRef = B69BA95C16A8A81800708524 /* AFXMLRequestOperation.m */; };
		B69BA96716A8A81800708524 /* UIImageView+AFNetworking.m in Sources */ = {isa = PBXBuildFile; fileRef = B69BA95E16A8A81800708524 /* UIImageView+AFNetworking.m */; };
		B69BA96C16A8AAFE00708524 /* PDAPIClient.m in Sources */ = {isa = PBXBuildFile; fileRef = B69BA96B16A8AAFE00708524 /* PDAPIClient.m */; };
		B69BA96F16A8AD3400708524 /* PDIncrementalStore.m in Sources */ = {isa = PBXBuildFile; fileRef = B69BA96E16A8AD3400708524 /* PDIncrementalStore.m */; };
		B6CBEEC21582C6F9005AE033 /* PDMoreViewController.m in Sources */ = {isa = PBXBuildFile; fileRef = B6CBEEC01582C6F9005AE033 /* PDMoreViewController.m */; };
		B6CBEEC31582C6F9005AE033 /* PDMoreViewController.xib in Resources */ = {isa = PBXBuildFile; fileRef = B6CBEEC11582C6F9005AE033 /* PDMoreViewController.xib */; };
		B6CBEF001586B69A005AE033 /* PDWindow.m in Sources */ = {isa = PBXBuildFile; fileRef = B6CBEEFF1586B69A005AE033 /* PDWindow.m */; };
		B6CBEF0615870E1D005AE033 /* more_info_tab_bg@2x.png in Resources */ = {isa = PBXBuildFile; fileRef = B6CBEF0515870E1D005AE033 /* more_info_tab_bg@2x.png */; };
		B6CBEF08158716C3005AE033 /* logo@2x.png in Resources */ = {isa = PBXBuildFile; fileRef = B6CBEF07158716C3005AE033 /* logo@2x.png */; };
		B6CBEF0A158717EB005AE033 /* logo_iPad.png in Resources */ = {isa = PBXBuildFile; fileRef = B6CBEF09158717EB005AE033 /* logo_iPad.png */; };
		B6EF93FA16A8B6AA000CB0E4 /* default-avatar.png in Resources */ = {isa = PBXBuildFile; fileRef = B6EF93F916A8B6AA000CB0E4 /* default-avatar.png */; };
/* End PBXBuildFile section */

/* Begin PBXFileReference section */
		B62A65A31599393B007EB20D /* AssetsLibrary.framework */ = {isa = PBXFileReference; lastKnownFileType = wrapper.framework; name = AssetsLibrary.framework; path = System/Library/Frameworks/AssetsLibrary.framework; sourceTree = SDKROOT; };
		B63176541578224600B12331 /* PDModel.xcdatamodel */ = {isa = PBXFileReference; lastKnownFileType = wrapper.xcdatamodel; path = PDModel.xcdatamodel; sourceTree = "<group>"; };
		B63176581578235B00B12331 /* PDPoem.h */ = {isa = PBXFileReference; fileEncoding = 4; lastKnownFileType = sourcecode.c.h; path = PDPoem.h; sourceTree = "<group>"; };
		B63176591578235B00B12331 /* PDPoem.m */ = {isa = PBXFileReference; fileEncoding = 4; lastKnownFileType = sourcecode.c.objc; path = PDPoem.m; sourceTree = "<group>"; };
		B631765B157824F700B12331 /* CoreData.framework */ = {isa = PBXFileReference; lastKnownFileType = wrapper.framework; name = CoreData.framework; path = System/Library/Frameworks/CoreData.framework; sourceTree = SDKROOT; };
		B631765E1578258D00B12331 /* PDMediaServer.h */ = {isa = PBXFileReference; fileEncoding = 4; lastKnownFileType = sourcecode.c.h; path = PDMediaServer.h; sourceTree = "<group>"; };
		B631765F1578258D00B12331 /* PDMediaServer.m */ = {isa = PBXFileReference; fileEncoding = 4; lastKnownFileType = sourcecode.c.objc; path = PDMediaServer.m; sourceTree = "<group>"; };
		B631769615782D1100B12331 /* PDCachedDataController.h */ = {isa = PBXFileReference; fileEncoding = 4; lastKnownFileType = sourcecode.c.h; path = PDCachedDataController.h; sourceTree = "<group>"; };
		B631769715782D1100B12331 /* PDCachedDataController.m */ = {isa = PBXFileReference; fileEncoding = 4; lastKnownFileType = sourcecode.c.objc; path = PDCachedDataController.m; sourceTree = "<group>"; };
		B631769915782D8F00B12331 /* PDConstants.h */ = {isa = PBXFileReference; fileEncoding = 4; lastKnownFileType = sourcecode.c.h; path = PDConstants.h; sourceTree = "<group>"; };
		B631769A15782D8F00B12331 /* PDConstants.m */ = {isa = PBXFileReference; fileEncoding = 4; lastKnownFileType = sourcecode.c.objc; path = PDConstants.m; sourceTree = "<group>"; };
		B631769C157830EA00B12331 /* PDFavoritesViewController.h */ = {isa = PBXFileReference; fileEncoding = 4; lastKnownFileType = sourcecode.c.h; path = PDFavoritesViewController.h; sourceTree = "<group>"; };
		B631769D157830EB00B12331 /* PDFavoritesViewController.m */ = {isa = PBXFileReference; fileEncoding = 4; lastKnownFileType = sourcecode.c.objc; path = PDFavoritesViewController.m; sourceTree = "<group>"; };
		B631769F1578311E00B12331 /* PDFavoritesViewController.xib */ = {isa = PBXFileReference; fileEncoding = 4; lastKnownFileType = file.xib; path = PDFavoritesViewController.xib; sourceTree = "<group>"; };
		B63176A11578342B00B12331 /* QuartzCore.framework */ = {isa = PBXFileReference; lastKnownFileType = wrapper.framework; name = QuartzCore.framework; path = System/Library/Frameworks/QuartzCore.framework; sourceTree = SDKROOT; };
		B6352F9A168FCBCB0028344C /* NSURL+DTUnshorten.h */ = {isa = PBXFileReference; fileEncoding = 4; lastKnownFileType = sourcecode.c.h; path = "NSURL+DTUnshorten.h"; sourceTree = "<group>"; };
		B6352F9B168FCBCB0028344C /* NSURL+DTUnshorten.m */ = {isa = PBXFileReference; fileEncoding = 4; lastKnownFileType = sourcecode.c.objc; path = "NSURL+DTUnshorten.m"; sourceTree = "<group>"; };
		B66D4BDE157D6A19005830A4 /* iCarousel.h */ = {isa = PBXFileReference; fileEncoding = 4; lastKnownFileType = sourcecode.c.h; path = iCarousel.h; sourceTree = "<group>"; };
		B66D4BDF157D6A19005830A4 /* iCarousel.m */ = {isa = PBXFileReference; fileEncoding = 4; lastKnownFileType = sourcecode.c.objc; path = iCarousel.m; sourceTree = "<group>"; };
		B66D4BE1157D6AC6005830A4 /* PDFavoritesCoverFlowViewController.h */ = {isa = PBXFileReference; fileEncoding = 4; lastKnownFileType = sourcecode.c.h; path = PDFavoritesCoverFlowViewController.h; sourceTree = "<group>"; };
		B66D4BE2157D6AC6005830A4 /* PDFavoritesCoverFlowViewController.m */ = {isa = PBXFileReference; fileEncoding = 4; lastKnownFileType = sourcecode.c.objc; path = PDFavoritesCoverFlowViewController.m; sourceTree = "<group>"; };
		B66D4BE3157D6AC6005830A4 /* PDFavoritesCoverFlowViewController.xib */ = {isa = PBXFileReference; fileEncoding = 4; lastKnownFileType = file.xib; path = PDFavoritesCoverFlowViewController.xib; sourceTree = "<group>"; };
		B66D4BE7157D6BB6005830A4 /* PDFavoriteView.h */ = {isa = PBXFileReference; fileEncoding = 4; lastKnownFileType = sourcecode.c.h; path = PDFavoriteView.h; sourceTree = "<group>"; };
		B66D4BE8157D6BB6005830A4 /* PDFavoriteView.m */ = {isa = PBXFileReference; fileEncoding = 4; lastKnownFileType = sourcecode.c.objc; path = PDFavoriteView.m; sourceTree = "<group>"; };
		B66D4BEA157D74ED005830A4 /* favoriteStar.png */ = {isa = PBXFileReference; lastKnownFileType = image.png; path = favoriteStar.png; sourceTree = "<group>"; };
		B66D4BEC157D7559005830A4 /* unfilledFavoriteStar.png */ = {isa = PBXFileReference; lastKnownFileType = image.png; path = unfilledFavoriteStar.png; sourceTree = "<group>"; };
		B66D4BEE157D789E005830A4 /* plumlystanley.jpeg */ = {isa = PBXFileReference; lastKnownFileType = image.jpeg; path = plumlystanley.jpeg; sourceTree = "<group>"; };
		B66D4BF0157D7937005830A4 /* kenny-powers-accessories_large.png */ = {isa = PBXFileReference; lastKnownFileType = image.png; path = "kenny-powers-accessories_large.png"; sourceTree = "<group>"; };
		B66D4BF2157D8A9A005830A4 /* PDBrowseAllPoemsViewController.h */ = {isa = PBXFileReference; fileEncoding = 4; lastKnownFileType = sourcecode.c.h; path = PDBrowseAllPoemsViewController.h; sourceTree = "<group>"; };
		B66D4BF3157D8A9A005830A4 /* PDBrowseAllPoemsViewController.m */ = {isa = PBXFileReference; fileEncoding = 4; lastKnownFileType = sourcecode.c.objc; path = PDBrowseAllPoemsViewController.m; sourceTree = "<group>"; };
		B66D4BF4157D8A9A005830A4 /* PDBrowseAllPoemsViewController.xib */ = {isa = PBXFileReference; fileEncoding = 4; lastKnownFileType = file.xib; path = PDBrowseAllPoemsViewController.xib; sourceTree = "<group>"; };
		B66D4C09157EAE84005830A4 /* 33-cabinet.png */ = {isa = PBXFileReference; lastKnownFileType = image.png; path = "33-cabinet.png"; sourceTree = "<group>"; };
		B66D4C0A157EAE84005830A4 /* 28-star.png */ = {isa = PBXFileReference; lastKnownFileType = image.png; path = "28-star.png"; sourceTree = "<group>"; };
		B66D4C0B157EAE84005830A4 /* 53-house.png */ = {isa = PBXFileReference; lastKnownFileType = image.png; path = "53-house.png"; sourceTree = "<group>"; };
		B66D4C13157EB954005830A4 /* PDSocialMediaController.h */ = {isa = PBXFileReference; fileEncoding = 4; lastKnownFileType = sourcecode.c.h; path = PDSocialMediaController.h; sourceTree = "<group>"; };
		B66D4C14157EB954005830A4 /* PDSocialMediaController.m */ = {isa = PBXFileReference; fileEncoding = 4; lastKnownFileType = sourcecode.c.objc; path = PDSocialMediaController.m; sourceTree = "<group>"; };
		B66D4C16157EBBC8005830A4 /* PDTweet.h */ = {isa = PBXFileReference; fileEncoding = 4; lastKnownFileType = sourcecode.c.h; path = PDTweet.h; sourceTree = "<group>"; };
		B66D4C17157EBBC8005830A4 /* PDTweet.m */ = {isa = PBXFileReference; fileEncoding = 4; lastKnownFileType = sourcecode.c.objc; path = PDTweet.m; sourceTree = "<group>"; };
		B66D4C1D157EBCFB005830A4 /* Twitter.framework */ = {isa = PBXFileReference; lastKnownFileType = wrapper.framework; name = Twitter.framework; path = System/Library/Frameworks/Twitter.framework; sourceTree = SDKROOT; };
		B66D4C1F157EBF35005830A4 /* PDTwitterViewController.h */ = {isa = PBXFileReference; fileEncoding = 4; lastKnownFileType = sourcecode.c.h; path = PDTwitterViewController.h; sourceTree = "<group>"; };
		B66D4C20157EBF35005830A4 /* PDTwitterViewController.m */ = {isa = PBXFileReference; fileEncoding = 4; lastKnownFileType = sourcecode.c.objc; path = PDTwitterViewController.m; sourceTree = "<group>"; };
		B66D4C21157EBF37005830A4 /* PDTwitterViewController.xib */ = {isa = PBXFileReference; fileEncoding = 4; lastKnownFileType = file.xib; path = PDTwitterViewController.xib; sourceTree = "<group>"; };
		B66D4C27157ED104005830A4 /* SVModalWebViewController.h */ = {isa = PBXFileReference; lastKnownFileType = sourcecode.c.h; path = SVModalWebViewController.h; sourceTree = "<group>"; };
		B66D4C28157ED104005830A4 /* SVModalWebViewController.m */ = {isa = PBXFileReference; lastKnownFileType = sourcecode.c.objc; path = SVModalWebViewController.m; sourceTree = "<group>"; };
		B66D4C29157ED104005830A4 /* SVWebViewController.bundle */ = {isa = PBXFileReference; lastKnownFileType = "wrapper.plug-in"; path = SVWebViewController.bundle; sourceTree = "<group>"; };
		B66D4C2A157ED104005830A4 /* SVWebViewController.h */ = {isa = PBXFileReference; lastKnownFileType = sourcecode.c.h; path = SVWebViewController.h; sourceTree = "<group>"; };
		B66D4C2B157ED104005830A4 /* SVWebViewController.m */ = {isa = PBXFileReference; lastKnownFileType = sourcecode.c.objc; path = SVWebViewController.m; sourceTree = "<group>"; };
		B66D4C30157ED20D005830A4 /* MessageUI.framework */ = {isa = PBXFileReference; lastKnownFileType = wrapper.framework; name = MessageUI.framework; path = System/Library/Frameworks/MessageUI.framework; sourceTree = SDKROOT; };
		B66D4C36157EFF31005830A4 /* tab_bg.png */ = {isa = PBXFileReference; lastKnownFileType = image.png; path = tab_bg.png; sourceTree = "<group>"; };
		B66D4C7115801F14005830A4 /* paper.png */ = {isa = PBXFileReference; lastKnownFileType = image.png; path = paper.png; sourceTree = "<group>"; };
		B66D4C7315802024005830A4 /* natural_paper.png */ = {isa = PBXFileReference; lastKnownFileType = image.png; path = natural_paper.png; sourceTree = "<group>"; };
		B66D4C751580209B005830A4 /* lightpaperfibers.png */ = {isa = PBXFileReference; lastKnownFileType = image.png; path = lightpaperfibers.png; sourceTree = "<group>"; };
		B66D4C77158021A1005830A4 /* spechbubble_sq_line.png */ = {isa = PBXFileReference; lastKnownFileType = image.png; path = spechbubble_sq_line.png; sourceTree = "<group>"; };
		B66D4C79158021C5005830A4 /* spechbubble_sq_line_black.png */ = {isa = PBXFileReference; lastKnownFileType = image.png; path = spechbubble_sq_line_black.png; sourceTree = "<group>"; };
		B66EA87416E1518B0086BE64 /* Poetry-Daily copy-Info.plist */ = {isa = PBXFileReference; lastKnownFileType = text.plist.xml; name = "Poetry-Daily copy-Info.plist"; path = "/Users/dsklen/Poetry-Daily/Poetry-Daily copy-Info.plist"; sourceTree = "<absolute>"; };
		B66EA87516E152640086BE64 /* PDHomeViewController-iPad.xib */ = {isa = PBXFileReference; fileEncoding = 4; lastKnownFileType = file.xib; path = "PDHomeViewController-iPad.xib"; sourceTree = "<group>"; };
		B670F6521534CCB20045906A /* Poetry-Daily.app */ = {isa = PBXFileReference; explicitFileType = wrapper.application; includeInIndex = 0; path = "Poetry-Daily.app"; sourceTree = BUILT_PRODUCTS_DIR; };
		B670F6561534CCB20045906A /* UIKit.framework */ = {isa = PBXFileReference; lastKnownFileType = wrapper.framework; name = UIKit.framework; path = System/Library/Frameworks/UIKit.framework; sourceTree = SDKROOT; };
		B670F6581534CCB20045906A /* Foundation.framework */ = {isa = PBXFileReference; lastKnownFileType = wrapper.framework; name = Foundation.framework; path = System/Library/Frameworks/Foundation.framework; sourceTree = SDKROOT; };
		B670F65A1534CCB20045906A /* CoreGraphics.framework */ = {isa = PBXFileReference; lastKnownFileType = wrapper.framework; name = CoreGraphics.framework; path = System/Library/Frameworks/CoreGraphics.framework; sourceTree = SDKROOT; };
		B670F65E1534CCB20045906A /* Poetry-Daily-Info.plist */ = {isa = PBXFileReference; lastKnownFileType = text.plist.xml; path = "Poetry-Daily-Info.plist"; sourceTree = "<group>"; };
		B670F6601534CCB20045906A /* en */ = {isa = PBXFileReference; lastKnownFileType = text.plist.strings; name = en; path = en.lproj/InfoPlist.strings; sourceTree = "<group>"; };
		B670F6621534CCB20045906A /* main.m */ = {isa = PBXFileReference; lastKnownFileType = sourcecode.c.objc; path = main.m; sourceTree = "<group>"; };
		B670F6641534CCB20045906A /* Poetry-Daily-Prefix.pch */ = {isa = PBXFileReference; lastKnownFileType = sourcecode.c.h; path = "Poetry-Daily-Prefix.pch"; sourceTree = "<group>"; };
		B670F6651534CCB20045906A /* PDAppDelegate.h */ = {isa = PBXFileReference; lastKnownFileType = sourcecode.c.h; path = PDAppDelegate.h; sourceTree = "<group>"; };
		B670F6661534CCB30045906A /* PDAppDelegate.m */ = {isa = PBXFileReference; lastKnownFileType = sourcecode.c.objc; path = PDAppDelegate.m; sourceTree = "<group>"; };
		B670F66B1534CCB30045906A /* first.png */ = {isa = PBXFileReference; lastKnownFileType = image.png; path = first.png; sourceTree = "<group>"; };
		B670F66D1534CCB30045906A /* first@2x.png */ = {isa = PBXFileReference; lastKnownFileType = image.png; path = "first@2x.png"; sourceTree = "<group>"; };
		B670F6721534CCB30045906A /* second.png */ = {isa = PBXFileReference; lastKnownFileType = image.png; path = second.png; sourceTree = "<group>"; };
		B670F6741534CCB30045906A /* second@2x.png */ = {isa = PBXFileReference; lastKnownFileType = image.png; path = "second@2x.png"; sourceTree = "<group>"; };
		B67EA450168D037D008C59F5 /* Default-568h@2x.png */ = {isa = PBXFileReference; lastKnownFileType = image.png; name = "Default-568h@2x.png"; path = "../Default-568h@2x.png"; sourceTree = "<group>"; };
		B6919A67156F012700DA70C2 /* SVProgressHUD.bundle */ = {isa = PBXFileReference; lastKnownFileType = "wrapper.plug-in"; path = SVProgressHUD.bundle; sourceTree = "<group>"; };
		B6919A68156F012700DA70C2 /* SVProgressHUD.h */ = {isa = PBXFileReference; fileEncoding = 4; lastKnownFileType = sourcecode.c.h; path = SVProgressHUD.h; sourceTree = "<group>"; };
		B6919A69156F012700DA70C2 /* SVProgressHUD.m */ = {isa = PBXFileReference; fileEncoding = 4; lastKnownFileType = sourcecode.c.objc; path = SVProgressHUD.m; sourceTree = "<group>"; };
		B6919A6C156F01B600DA70C2 /* PDHomeViewController.h */ = {isa = PBXFileReference; fileEncoding = 4; lastKnownFileType = sourcecode.c.h; path = PDHomeViewController.h; sourceTree = "<group>"; };
		B6919A6D156F01B600DA70C2 /* PDHomeViewController.m */ = {isa = PBXFileReference; fileEncoding = 4; lastKnownFileType = sourcecode.c.objc; path = PDHomeViewController.m; sourceTree = "<group>"; };
		B6919A6E156F01B600DA70C2 /* PDHomeViewController.xib */ = {isa = PBXFileReference; fileEncoding = 4; lastKnownFileType = file.xib; path = PDHomeViewController.xib; sourceTree = "<group>"; };
		B6919A71156F028100DA70C2 /* PDMainPoemViewController.h */ = {isa = PBXFileReference; fileEncoding = 4; lastKnownFileType = sourcecode.c.h; path = PDMainPoemViewController.h; sourceTree = "<group>"; };
		B6919A72156F028200DA70C2 /* PDMainPoemViewController.m */ = {isa = PBXFileReference; fileEncoding = 4; lastKnownFileType = sourcecode.c.objc; path = PDMainPoemViewController.m; sourceTree = "<group>"; };
		B6919A73156F028200DA70C2 /* PDMainPoemViewController.xib */ = {isa = PBXFileReference; fileEncoding = 4; lastKnownFileType = file.xib; path = PDMainPoemViewController.xib; sourceTree = "<group>"; };
		B697941D158A87DA0031162B /* NSDate+PDAdditions.h */ = {isa = PBXFileReference; fileEncoding = 4; lastKnownFileType = sourcecode.c.h; path = "NSDate+PDAdditions.h"; sourceTree = "<group>"; };
		B697941E158A87DA0031162B /* NSDate+PDAdditions.m */ = {isa = PBXFileReference; fileEncoding = 4; lastKnownFileType = sourcecode.c.objc; path = "NSDate+PDAdditions.m"; sourceTree = "<group>"; };
		B6979420158AA3930031162B /* 23-bird.png */ = {isa = PBXFileReference; lastKnownFileType = image.png; path = "23-bird.png"; sourceTree = "<group>"; };
		B6979457158AA8C00031162B /* PDLogo.png */ = {isa = PBXFileReference; lastKnownFileType = image.png; path = PDLogo.png; sourceTree = "<group>"; };
		B69BA94416A8A7AB00708524 /* AFIncrementalStore.h */ = {isa = PBXFileReference; fileEncoding = 4; lastKnownFileType = sourcecode.c.h; path = AFIncrementalStore.h; sourceTree = "<group>"; };
		B69BA94516A8A7AB00708524 /* AFIncrementalStore.m */ = {isa = PBXFileReference; fileEncoding = 4; lastKnownFileType = sourcecode.c.objc; path = AFIncrementalStore.m; sourceTree = "<group>"; };
		B69BA94616A8A7AB00708524 /* AFRESTClient.h */ = {isa = PBXFileReference; fileEncoding = 4; lastKnownFileType = sourcecode.c.h; path = AFRESTClient.h; sourceTree = "<group>"; };
		B69BA94716A8A7AB00708524 /* AFRESTClient.m */ = {isa = PBXFileReference; fileEncoding = 4; lastKnownFileType = sourcecode.c.objc; path = AFRESTClient.m; sourceTree = "<group>"; };
		B69BA94C16A8A81800708524 /* AFHTTPClient.h */ = {isa = PBXFileReference; fileEncoding = 4; lastKnownFileType = sourcecode.c.h; path = AFHTTPClient.h; sourceTree = "<group>"; };
		B69BA94D16A8A81800708524 /* AFHTTPClient.m */ = {isa = PBXFileReference; fileEncoding = 4; lastKnownFileType = sourcecode.c.objc; path = AFHTTPClient.m; sourceTree = "<group>"; };
		B69BA94E16A8A81800708524 /* AFHTTPRequestOperation.h */ = {isa = PBXFileReference; fileEncoding = 4; lastKnownFileType = sourcecode.c.h; path = AFHTTPRequestOperation.h; sourceTree = "<group>"; };
		B69BA94F16A8A81800708524 /* AFHTTPRequestOperation.m */ = {isa = PBXFileReference; fileEncoding = 4; lastKnownFileType = sourcecode.c.objc; path = AFHTTPRequestOperation.m; sourceTree = "<group>"; };
		B69BA95016A8A81800708524 /* AFImageRequestOperation.h */ = {isa = PBXFileReference; fileEncoding = 4; lastKnownFileType = sourcecode.c.h; path = AFImageRequestOperation.h; sourceTree = "<group>"; };
		B69BA95116A8A81800708524 /* AFImageRequestOperation.m */ = {isa = PBXFileReference; fileEncoding = 4; lastKnownFileType = sourcecode.c.objc; path = AFImageRequestOperation.m; sourceTree = "<group>"; };
		B69BA95216A8A81800708524 /* AFJSONRequestOperation.h */ = {isa = PBXFileReference; fileEncoding = 4; lastKnownFileType = sourcecode.c.h; path = AFJSONRequestOperation.h; sourceTree = "<group>"; };
		B69BA95316A8A81800708524 /* AFJSONRequestOperation.m */ = {isa = PBXFileReference; fileEncoding = 4; lastKnownFileType = sourcecode.c.objc; path = AFJSONRequestOperation.m; sourceTree = "<group>"; };
		B69BA95416A8A81800708524 /* AFNetworkActivityIndicatorManager.h */ = {isa = PBXFileReference; fileEncoding = 4; lastKnownFileType = sourcecode.c.h; path = AFNetworkActivityIndicatorManager.h; sourceTree = "<group>"; };
		B69BA95516A8A81800708524 /* AFNetworkActivityIndicatorManager.m */ = {isa = PBXFileReference; fileEncoding = 4; lastKnownFileType = sourcecode.c.objc; path = AFNetworkActivityIndicatorManager.m; sourceTree = "<group>"; };
		B69BA95616A8A81800708524 /* AFNetworking.h */ = {isa = PBXFileReference; fileEncoding = 4; lastKnownFileType = sourcecode.c.h; path = AFNetworking.h; sourceTree = "<group>"; };
		B69BA95716A8A81800708524 /* AFPropertyListRequestOperation.h */ = {isa = PBXFileReference; fileEncoding = 4; lastKnownFileType = sourcecode.c.h; path = AFPropertyListRequestOperation.h; sourceTree = "<group>"; };
		B69BA95816A8A81800708524 /* AFPropertyListRequestOperation.m */ = {isa = PBXFileReference; fileEncoding = 4; lastKnownFileType = sourcecode.c.objc; path = AFPropertyListRequestOperation.m; sourceTree = "<group>"; };
		B69BA95916A8A81800708524 /* AFURLConnectionOperation.h */ = {isa = PBXFileReference; fileEncoding = 4; lastKnownFileType = sourcecode.c.h; path = AFURLConnectionOperation.h; sourceTree = "<group>"; };
		B69BA95A16A8A81800708524 /* AFURLConnectionOperation.m */ = {isa = PBXFileReference; fileEncoding = 4; lastKnownFileType = sourcecode.c.objc; path = AFURLConnectionOperation.m; sourceTree = "<group>"; };
		B69BA95B16A8A81800708524 /* AFXMLRequestOperation.h */ = {isa = PBXFileReference; fileEncoding = 4; lastKnownFileType = sourcecode.c.h; path = AFXMLRequestOperation.h; sourceTree = "<group>"; };
		B69BA95C16A8A81800708524 /* AFXMLRequestOperation.m */ = {isa = PBXFileReference; fileEncoding = 4; lastKnownFileType = sourcecode.c.objc; path = AFXMLRequestOperation.m; sourceTree = "<group>"; };
		B69BA95D16A8A81800708524 /* UIImageView+AFNetworking.h */ = {isa = PBXFileReference; fileEncoding = 4; lastKnownFileType = sourcecode.c.h; path = "UIImageView+AFNetworking.h"; sourceTree = "<group>"; };
		B69BA95E16A8A81800708524 /* UIImageView+AFNetworking.m */ = {isa = PBXFileReference; fileEncoding = 4; lastKnownFileType = sourcecode.c.objc; path = "UIImageView+AFNetworking.m"; sourceTree = "<group>"; };
		B69BA96A16A8AAFE00708524 /* PDAPIClient.h */ = {isa = PBXFileReference; fileEncoding = 4; lastKnownFileType = sourcecode.c.h; path = PDAPIClient.h; sourceTree = "<group>"; };
		B69BA96B16A8AAFE00708524 /* PDAPIClient.m */ = {isa = PBXFileReference; fileEncoding = 4; lastKnownFileType = sourcecode.c.objc; path = PDAPIClient.m; sourceTree = "<group>"; };
		B69BA96D16A8AD3400708524 /* PDIncrementalStore.h */ = {isa = PBXFileReference; fileEncoding = 4; lastKnownFileType = sourcecode.c.h; path = PDIncrementalStore.h; sourceTree = "<group>"; };
		B69BA96E16A8AD3400708524 /* PDIncrementalStore.m */ = {isa = PBXFileReference; fileEncoding = 4; lastKnownFileType = sourcecode.c.objc; path = PDIncrementalStore.m; sourceTree = "<group>"; };
		B6CBEEBF1582C6F9005AE033 /* PDMoreViewController.h */ = {isa = PBXFileReference; fileEncoding = 4; lastKnownFileType = sourcecode.c.h; path = PDMoreViewController.h; sourceTree = "<group>"; };
		B6CBEEC01582C6F9005AE033 /* PDMoreViewController.m */ = {isa = PBXFileReference; fileEncoding = 4; lastKnownFileType = sourcecode.c.objc; path = PDMoreViewController.m; sourceTree = "<group>"; };
		B6CBEEC11582C6F9005AE033 /* PDMoreViewController.xib */ = {isa = PBXFileReference; fileEncoding = 4; lastKnownFileType = file.xib; path = PDMoreViewController.xib; sourceTree = "<group>"; };
		B6CBEEFE1586B69A005AE033 /* PDWindow.h */ = {isa = PBXFileReference; fileEncoding = 4; lastKnownFileType = sourcecode.c.h; path = PDWindow.h; sourceTree = "<group>"; };
		B6CBEEFF1586B69A005AE033 /* PDWindow.m */ = {isa = PBXFileReference; fileEncoding = 4; lastKnownFileType = sourcecode.c.objc; path = PDWindow.m; sourceTree = "<group>"; };
		B6CBEF0515870E1D005AE033 /* more_info_tab_bg@2x.png */ = {isa = PBXFileReference; lastKnownFileType = image.png; path = "more_info_tab_bg@2x.png"; sourceTree = "<group>"; };
		B6CBEF07158716C3005AE033 /* logo@2x.png */ = {isa = PBXFileReference; lastKnownFileType = image.png; path = "logo@2x.png"; sourceTree = "<group>"; };
		B6CBEF09158717EB005AE033 /* logo_iPad.png */ = {isa = PBXFileReference; lastKnownFileType = image.png; name = logo_iPad.png; path = ../logo_iPad.png; sourceTree = "<group>"; };
		B6EF93F916A8B6AA000CB0E4 /* default-avatar.png */ = {isa = PBXFileReference; lastKnownFileType = image.png; path = "default-avatar.png"; sourceTree = "<group>"; };
/* End PBXFileReference section */

/* Begin PBXFrameworksBuildPhase section */
		B670F64F1534CCB20045906A /* Frameworks */ = {
			isa = PBXFrameworksBuildPhase;
			buildActionMask = 2147483647;
			files = (
				B62A65A41599393B007EB20D /* AssetsLibrary.framework in Frameworks */,
				B66D4C31157ED20D005830A4 /* MessageUI.framework in Frameworks */,
				B66D4C1E157EBCFB005830A4 /* Twitter.framework in Frameworks */,
				B63176A21578342B00B12331 /* QuartzCore.framework in Frameworks */,
				B631765C157824F700B12331 /* CoreData.framework in Frameworks */,
				B670F6571534CCB20045906A /* UIKit.framework in Frameworks */,
				B670F6591534CCB20045906A /* Foundation.framework in Frameworks */,
				B670F65B1534CCB20045906A /* CoreGraphics.framework in Frameworks */,
			);
			runOnlyForDeploymentPostprocessing = 0;
		};
/* End PBXFrameworksBuildPhase section */

/* Begin PBXGroup section */
		B62A65F815A24F83007EB20D /* DTFoundation */ = {
			isa = PBXGroup;
			children = (
				B6352F9A168FCBCB0028344C /* NSURL+DTUnshorten.h */,
				B6352F9B168FCBCB0028344C /* NSURL+DTUnshorten.m */,
			);
			name = DTFoundation;
			sourceTree = "<group>";
		};
		B63176571578233E00B12331 /* Model */ = {
			isa = PBXGroup;
			children = (
				B63176531578224600B12331 /* PDModel.xcdatamodeld */,
				B63176581578235B00B12331 /* PDPoem.h */,
				B63176591578235B00B12331 /* PDPoem.m */,
				B66D4C16157EBBC8005830A4 /* PDTweet.h */,
				B66D4C17157EBBC8005830A4 /* PDTweet.m */,
				B69BA96916A8AAB000708524 /* Incremental Store */,
			);
			name = Model;
			sourceTree = "<group>";
		};
		B631765D1578255E00B12331 /* Network & Caching */ = {
			isa = PBXGroup;
			children = (
				B631765E1578258D00B12331 /* PDMediaServer.h */,
				B631765F1578258D00B12331 /* PDMediaServer.m */,
				B631769615782D1100B12331 /* PDCachedDataController.h */,
				B631769715782D1100B12331 /* PDCachedDataController.m */,
				B66D4C13157EB954005830A4 /* PDSocialMediaController.h */,
				B66D4C14157EB954005830A4 /* PDSocialMediaController.m */,
			);
			name = "Network & Caching";
			sourceTree = "<group>";
		};
		B66D4BDB157D699D005830A4 /* SVProgressHUD */ = {
			isa = PBXGroup;
			children = (
				B6919A67156F012700DA70C2 /* SVProgressHUD.bundle */,
				B6919A68156F012700DA70C2 /* SVProgressHUD.h */,
				B6919A69156F012700DA70C2 /* SVProgressHUD.m */,
			);
			name = SVProgressHUD;
			sourceTree = "<group>";
		};
		B66D4BDD157D69A6005830A4 /* iCarousel */ = {
			isa = PBXGroup;
			children = (
				B66D4BDE157D6A19005830A4 /* iCarousel.h */,
				B66D4BDF157D6A19005830A4 /* iCarousel.m */,
			);
			name = iCarousel;
			sourceTree = "<group>";
		};
		B66D4BE6157D6B8B005830A4 /* View */ = {
			isa = PBXGroup;
			children = (
				B66D4BE7157D6BB6005830A4 /* PDFavoriteView.h */,
				B66D4BE8157D6BB6005830A4 /* PDFavoriteView.m */,
				B6CBEEFE1586B69A005AE033 /* PDWindow.h */,
				B6CBEEFF1586B69A005AE033 /* PDWindow.m */,
			);
			name = View;
			sourceTree = "<group>";
		};
		B66D4C26157ED0F7005830A4 /* SVWebViewController */ = {
			isa = PBXGroup;
			children = (
				B66D4C27157ED104005830A4 /* SVModalWebViewController.h */,
				B66D4C28157ED104005830A4 /* SVModalWebViewController.m */,
				B66D4C29157ED104005830A4 /* SVWebViewController.bundle */,
				B66D4C2A157ED104005830A4 /* SVWebViewController.h */,
				B66D4C2B157ED104005830A4 /* SVWebViewController.m */,
			);
			name = SVWebViewController;
			sourceTree = "<group>";
		};
		B670F6471534CCB20045906A = {
			isa = PBXGroup;
			children = (
				B670F65C1534CCB20045906A /* Poetry-Daily */,
				B6919A65156F00F800DA70C2 /* Third Party */,
				B6979419158A871F0031162B /* Categories */,
				B670F6551534CCB20045906A /* Frameworks */,
				B670F6531534CCB20045906A /* Products */,
				B66EA87416E1518B0086BE64 /* Poetry-Daily copy-Info.plist */,
			);
			sourceTree = "<group>";
		};
		B670F6531534CCB20045906A /* Products */ = {
			isa = PBXGroup;
			children = (
				B670F6521534CCB20045906A /* Poetry-Daily.app */,
			);
			name = Products;
			sourceTree = "<group>";
		};
		B670F6551534CCB20045906A /* Frameworks */ = {
			isa = PBXGroup;
			children = (
				B62A65A31599393B007EB20D /* AssetsLibrary.framework */,
				B66D4C30157ED20D005830A4 /* MessageUI.framework */,
				B66D4C1D157EBCFB005830A4 /* Twitter.framework */,
				B63176A11578342B00B12331 /* QuartzCore.framework */,
				B631765B157824F700B12331 /* CoreData.framework */,
				B670F6561534CCB20045906A /* UIKit.framework */,
				B670F6581534CCB20045906A /* Foundation.framework */,
				B670F65A1534CCB20045906A /* CoreGraphics.framework */,
			);
			name = Frameworks;
			sourceTree = "<group>";
		};
		B670F65C1534CCB20045906A /* Poetry-Daily */ = {
			isa = PBXGroup;
			children = (
				B670F6651534CCB20045906A /* PDAppDelegate.h */,
				B670F6661534CCB30045906A /* PDAppDelegate.m */,
				B670F68B1534CD560045906A /* View Controllers */,
				B66D4BE6157D6B8B005830A4 /* View */,
				B63176571578233E00B12331 /* Model */,
				B631765D1578255E00B12331 /* Network & Caching */,
				B670F65D1534CCB20045906A /* Supporting Files */,
			);
			path = "Poetry-Daily";
			sourceTree = "<group>";
		};
		B670F65D1534CCB20045906A /* Supporting Files */ = {
			isa = PBXGroup;
			children = (
				B670F68A1534CD0D0045906A /* Images */,
				B670F6871534CCDB0045906A /* XIB */,
				B670F65E1534CCB20045906A /* Poetry-Daily-Info.plist */,
				B670F65F1534CCB20045906A /* InfoPlist.strings */,
				B670F6621534CCB20045906A /* main.m */,
				B670F6641534CCB20045906A /* Poetry-Daily-Prefix.pch */,
				B631769915782D8F00B12331 /* PDConstants.h */,
				B631769A15782D8F00B12331 /* PDConstants.m */,
			);
			name = "Supporting Files";
			sourceTree = "<group>";
		};
		B670F6871534CCDB0045906A /* XIB */ = {
			isa = PBXGroup;
			children = (
				B670F6891534CCEB0045906A /* iPad */,
				B670F6881534CCE20045906A /* iPhone */,
			);
			name = XIB;
			sourceTree = "<group>";
		};
		B670F6881534CCE20045906A /* iPhone */ = {
			isa = PBXGroup;
			children = (
				B6919A6E156F01B600DA70C2 /* PDHomeViewController.xib */,
				B6919A73156F028200DA70C2 /* PDMainPoemViewController.xib */,
				B66D4BF4157D8A9A005830A4 /* PDBrowseAllPoemsViewController.xib */,
				B6CBEEC11582C6F9005AE033 /* PDMoreViewController.xib */,
				B631769F1578311E00B12331 /* PDFavoritesViewController.xib */,
				B66D4BE3157D6AC6005830A4 /* PDFavoritesCoverFlowViewController.xib */,
				B66D4C21157EBF37005830A4 /* PDTwitterViewController.xib */,
			);
			name = iPhone;
			sourceTree = "<group>";
		};
		B670F6891534CCEB0045906A /* iPad */ = {
			isa = PBXGroup;
			children = (
				B66EA87516E152640086BE64 /* PDHomeViewController-iPad.xib */,
			);
			name = iPad;
			sourceTree = "<group>";
		};
		B670F68A1534CD0D0045906A /* Images */ = {
			isa = PBXGroup;
			children = (
				B66D4C0A157EAE84005830A4 /* 28-star.png */,
				B6979420158AA3930031162B /* 23-bird.png */,
				B66D4C09157EAE84005830A4 /* 33-cabinet.png */,
				B66D4C0B157EAE84005830A4 /* 53-house.png */,
				B66D4BEA157D74ED005830A4 /* favoriteStar.png */,
				B670F66B1534CCB30045906A /* first.png */,
				B6EF93F916A8B6AA000CB0E4 /* default-avatar.png */,
				B6979457158AA8C00031162B /* PDLogo.png */,
				B670F66D1534CCB30045906A /* first@2x.png */,
				B66D4BF0157D7937005830A4 /* kenny-powers-accessories_large.png */,
				B66D4C751580209B005830A4 /* lightpaperfibers.png */,
				B6CBEF07158716C3005AE033 /* logo@2x.png */,
				B67EA450168D037D008C59F5 /* Default-568h@2x.png */,
				B6CBEF09158717EB005AE033 /* logo_iPad.png */,
				B6CBEF0515870E1D005AE033 /* more_info_tab_bg@2x.png */,
				B66D4C7315802024005830A4 /* natural_paper.png */,
				B66D4C7115801F14005830A4 /* paper.png */,
				B66D4BEE157D789E005830A4 /* plumlystanley.jpeg */,
				B670F6721534CCB30045906A /* second.png */,
				B670F6741534CCB30045906A /* second@2x.png */,
				B66D4C77158021A1005830A4 /* spechbubble_sq_line.png */,
				B66D4C79158021C5005830A4 /* spechbubble_sq_line_black.png */,
				B66D4C36157EFF31005830A4 /* tab_bg.png */,
				B66D4BEC157D7559005830A4 /* unfilledFavoriteStar.png */,
			);
			name = Images;
			sourceTree = "<group>";
		};
		B670F68B1534CD560045906A /* View Controllers */ = {
			isa = PBXGroup;
			children = (
				B6919A6C156F01B600DA70C2 /* PDHomeViewController.h */,
				B6919A6D156F01B600DA70C2 /* PDHomeViewController.m */,
				B6919A71156F028100DA70C2 /* PDMainPoemViewController.h */,
				B6919A72156F028200DA70C2 /* PDMainPoemViewController.m */,
				B66D4BF2157D8A9A005830A4 /* PDBrowseAllPoemsViewController.h */,
				B66D4BF3157D8A9A005830A4 /* PDBrowseAllPoemsViewController.m */,
				B631769C157830EA00B12331 /* PDFavoritesViewController.h */,
				B631769D157830EB00B12331 /* PDFavoritesViewController.m */,
				B66D4BE1157D6AC6005830A4 /* PDFavoritesCoverFlowViewController.h */,
				B66D4BE2157D6AC6005830A4 /* PDFavoritesCoverFlowViewController.m */,
				B66D4C1F157EBF35005830A4 /* PDTwitterViewController.h */,
				B66D4C20157EBF35005830A4 /* PDTwitterViewController.m */,
				B6CBEEBF1582C6F9005AE033 /* PDMoreViewController.h */,
				B6CBEEC01582C6F9005AE033 /* PDMoreViewController.m */,
			);
			name = "View Controllers";
			sourceTree = "<group>";
		};
		B6919A65156F00F800DA70C2 /* Third Party */ = {
			isa = PBXGroup;
			children = (
				B69BA96816A8A81F00708524 /* AFNetworking */,
				B69BA94B16A8A7B600708524 /* AFIncrementalStore */,
				B62A65F815A24F83007EB20D /* DTFoundation */,
				B66D4C26157ED0F7005830A4 /* SVWebViewController */,
				B66D4BDD157D69A6005830A4 /* iCarousel */,
				B66D4BDB157D699D005830A4 /* SVProgressHUD */,
			);
			name = "Third Party";
			sourceTree = "<group>";
		};
		B6979419158A871F0031162B /* Categories */ = {
			isa = PBXGroup;
			children = (
				B697941D158A87DA0031162B /* NSDate+PDAdditions.h */,
				B697941E158A87DA0031162B /* NSDate+PDAdditions.m */,
			);
			name = Categories;
			path = "Poetry-Daily";
			sourceTree = "<group>";
		};
		B69BA94B16A8A7B600708524 /* AFIncrementalStore */ = {
			isa = PBXGroup;
			children = (
				B69BA94416A8A7AB00708524 /* AFIncrementalStore.h */,
				B69BA94516A8A7AB00708524 /* AFIncrementalStore.m */,
				B69BA94616A8A7AB00708524 /* AFRESTClient.h */,
				B69BA94716A8A7AB00708524 /* AFRESTClient.m */,
			);
			name = AFIncrementalStore;
			sourceTree = "<group>";
		};
		B69BA96816A8A81F00708524 /* AFNetworking */ = {
			isa = PBXGroup;
			children = (
				B69BA94C16A8A81800708524 /* AFHTTPClient.h */,
				B69BA94D16A8A81800708524 /* AFHTTPClient.m */,
				B69BA94E16A8A81800708524 /* AFHTTPRequestOperation.h */,
				B69BA94F16A8A81800708524 /* AFHTTPRequestOperation.m */,
				B69BA95016A8A81800708524 /* AFImageRequestOperation.h */,
				B69BA95116A8A81800708524 /* AFImageRequestOperation.m */,
				B69BA95216A8A81800708524 /* AFJSONRequestOperation.h */,
				B69BA95316A8A81800708524 /* AFJSONRequestOperation.m */,
				B69BA95416A8A81800708524 /* AFNetworkActivityIndicatorManager.h */,
				B69BA95516A8A81800708524 /* AFNetworkActivityIndicatorManager.m */,
				B69BA95616A8A81800708524 /* AFNetworking.h */,
				B69BA95716A8A81800708524 /* AFPropertyListRequestOperation.h */,
				B69BA95816A8A81800708524 /* AFPropertyListRequestOperation.m */,
				B69BA95916A8A81800708524 /* AFURLConnectionOperation.h */,
				B69BA95A16A8A81800708524 /* AFURLConnectionOperation.m */,
				B69BA95B16A8A81800708524 /* AFXMLRequestOperation.h */,
				B69BA95C16A8A81800708524 /* AFXMLRequestOperation.m */,
				B69BA95D16A8A81800708524 /* UIImageView+AFNetworking.h */,
				B69BA95E16A8A81800708524 /* UIImageView+AFNetworking.m */,
			);
			name = AFNetworking;
			sourceTree = "<group>";
		};
		B69BA96916A8AAB000708524 /* Incremental Store */ = {
			isa = PBXGroup;
			children = (
				B69BA96A16A8AAFE00708524 /* PDAPIClient.h */,
				B69BA96B16A8AAFE00708524 /* PDAPIClient.m */,
				B69BA96D16A8AD3400708524 /* PDIncrementalStore.h */,
				B69BA96E16A8AD3400708524 /* PDIncrementalStore.m */,
			);
			name = "Incremental Store";
			sourceTree = "<group>";
		};
/* End PBXGroup section */

/* Begin PBXNativeTarget section */
		B670F6511534CCB20045906A /* Poetry-Daily */ = {
			isa = PBXNativeTarget;
			buildConfigurationList = B670F6841534CCB30045906A /* Build configuration list for PBXNativeTarget "Poetry-Daily" */;
			buildPhases = (
				B670F64E1534CCB20045906A /* Sources */,
				B670F64F1534CCB20045906A /* Frameworks */,
				B670F6501534CCB20045906A /* Resources */,
			);
			buildRules = (
			);
			dependencies = (
			);
			name = "Poetry-Daily";
			productName = "Poetry-Daily";
			productReference = B670F6521534CCB20045906A /* Poetry-Daily.app */;
			productType = "com.apple.product-type.application";
		};
/* End PBXNativeTarget section */

/* Begin PBXProject section */
		B670F6491534CCB20045906A /* Project object */ = {
			isa = PBXProject;
			attributes = {
				CLASSPREFIX = PD;
				LastUpgradeCheck = 0430;
				ORGANIZATIONNAME = "ELC Technologies";
			};
			buildConfigurationList = B670F64C1534CCB20045906A /* Build configuration list for PBXProject "Poetry-Daily" */;
			compatibilityVersion = "Xcode 3.2";
			developmentRegion = English;
			hasScannedForEncodings = 0;
			knownRegions = (
				en,
			);
			mainGroup = B670F6471534CCB20045906A;
			productRefGroup = B670F6531534CCB20045906A /* Products */;
			projectDirPath = "";
			projectRoot = "";
			targets = (
				B670F6511534CCB20045906A /* Poetry-Daily */,
			);
		};
/* End PBXProject section */

/* Begin PBXResourcesBuildPhase section */
		B670F6501534CCB20045906A /* Resources */ = {
			isa = PBXResourcesBuildPhase;
			buildActionMask = 2147483647;
			files = (
				B670F6611534CCB20045906A /* InfoPlist.strings in Resources */,
				B670F66C1534CCB30045906A /* first.png in Resources */,
				B670F66E1534CCB30045906A /* first@2x.png in Resources */,
				B670F6731534CCB30045906A /* second.png in Resources */,
				B670F6751534CCB30045906A /* second@2x.png in Resources */,
				B6919A6A156F012700DA70C2 /* SVProgressHUD.bundle in Resources */,
				B6919A70156F01B600DA70C2 /* PDHomeViewController.xib in Resources */,
				B6919A75156F028200DA70C2 /* PDMainPoemViewController.xib in Resources */,
				B63176A01578311E00B12331 /* PDFavoritesViewController.xib in Resources */,
				B66D4BE5157D6AC6005830A4 /* PDFavoritesCoverFlowViewController.xib in Resources */,
				B66D4BEB157D74ED005830A4 /* favoriteStar.png in Resources */,
				B66D4BED157D7559005830A4 /* unfilledFavoriteStar.png in Resources */,
				B66D4BEF157D789E005830A4 /* plumlystanley.jpeg in Resources */,
				B66D4BF1157D7938005830A4 /* kenny-powers-accessories_large.png in Resources */,
				B66D4BF6157D8A9A005830A4 /* PDBrowseAllPoemsViewController.xib in Resources */,
				B66D4C0C157EAE84005830A4 /* 33-cabinet.png in Resources */,
				B66D4C0D157EAE84005830A4 /* 28-star.png in Resources */,
				B66D4C0E157EAE84005830A4 /* 53-house.png in Resources */,
				B66D4C23157EBF38005830A4 /* PDTwitterViewController.xib in Resources */,
				B66D4C37157EFF31005830A4 /* tab_bg.png in Resources */,
				B66D4C7215801F15005830A4 /* paper.png in Resources */,
				B66D4C7415802025005830A4 /* natural_paper.png in Resources */,
				B66D4C761580209B005830A4 /* lightpaperfibers.png in Resources */,
				B66D4C78158021A2005830A4 /* spechbubble_sq_line.png in Resources */,
				B66D4C7A158021C5005830A4 /* spechbubble_sq_line_black.png in Resources */,
				B6CBEEC31582C6F9005AE033 /* PDMoreViewController.xib in Resources */,
				B6CBEF0615870E1D005AE033 /* more_info_tab_bg@2x.png in Resources */,
				B6CBEF08158716C3005AE033 /* logo@2x.png in Resources */,
				B6CBEF0A158717EB005AE033 /* logo_iPad.png in Resources */,
				B6979421158AA3930031162B /* 23-bird.png in Resources */,
				B6979458158AA8C00031162B /* PDLogo.png in Resources */,
				B67EA451168D037D008C59F5 /* Default-568h@2x.png in Resources */,
				B6EF93FA16A8B6AA000CB0E4 /* default-avatar.png in Resources */,
				B66EA87616E152640086BE64 /* PDHomeViewController-iPad.xib in Resources */,
			);
			runOnlyForDeploymentPostprocessing = 0;
		};
/* End PBXResourcesBuildPhase section */

/* Begin PBXSourcesBuildPhase section */
		B670F64E1534CCB20045906A /* Sources */ = {
			isa = PBXSourcesBuildPhase;
			buildActionMask = 2147483647;
			files = (
				B66D4C33157ED383005830A4 /* SVModalWebViewController.m in Sources */,
				B66D4C35157ED383005830A4 /* SVWebViewController.m in Sources */,
				B670F6631534CCB20045906A /* main.m in Sources */,
				B670F6671534CCB30045906A /* PDAppDelegate.m in Sources */,
				B6919A6B156F012700DA70C2 /* SVProgressHUD.m in Sources */,
				B6919A6F156F01B600DA70C2 /* PDHomeViewController.m in Sources */,
				B6919A74156F028200DA70C2 /* PDMainPoemViewController.m in Sources */,
				B63176551578224600B12331 /* PDModel.xcdatamodeld in Sources */,
				B631765A1578235B00B12331 /* PDPoem.m in Sources */,
				B63176601578258E00B12331 /* PDMediaServer.m in Sources */,
				B631769815782D1100B12331 /* PDCachedDataController.m in Sources */,
				B631769B15782D9000B12331 /* PDConstants.m in Sources */,
				B631769E157830EB00B12331 /* PDFavoritesViewController.m in Sources */,
				B66D4BE0157D6A19005830A4 /* iCarousel.m in Sources */,
				B66D4BE4157D6AC6005830A4 /* PDFavoritesCoverFlowViewController.m in Sources */,
				B66D4BE9157D6BB6005830A4 /* PDFavoriteView.m in Sources */,
				B66D4BF5157D8A9A005830A4 /* PDBrowseAllPoemsViewController.m in Sources */,
				B66D4C15157EB954005830A4 /* PDSocialMediaController.m in Sources */,
				B66D4C18157EBBC8005830A4 /* PDTweet.m in Sources */,
				B66D4C22157EBF38005830A4 /* PDTwitterViewController.m in Sources */,
				B6CBEEC21582C6F9005AE033 /* PDMoreViewController.m in Sources */,
				B6CBEF001586B69A005AE033 /* PDWindow.m in Sources */,
				B697941F158A87DA0031162B /* NSDate+PDAdditions.m in Sources */,
				B6352F9C168FCBCB0028344C /* NSURL+DTUnshorten.m in Sources */,
				B69BA94816A8A7AB00708524 /* AFIncrementalStore.m in Sources */,
				B69BA94916A8A7AB00708524 /* AFRESTClient.m in Sources */,
				B69BA95F16A8A81800708524 /* AFHTTPClient.m in Sources */,
				B69BA96016A8A81800708524 /* AFHTTPRequestOperation.m in Sources */,
				B69BA96116A8A81800708524 /* AFImageRequestOperation.m in Sources */,
				B69BA96216A8A81800708524 /* AFJSONRequestOperation.m in Sources */,
				B69BA96316A8A81800708524 /* AFNetworkActivityIndicatorManager.m in Sources */,
				B69BA96416A8A81800708524 /* AFPropertyListRequestOperation.m in Sources */,
				B69BA96516A8A81800708524 /* AFURLConnectionOperation.m in Sources */,
				B69BA96616A8A81800708524 /* AFXMLRequestOperation.m in Sources */,
				B69BA96716A8A81800708524 /* UIImageView+AFNetworking.m in Sources */,
				B69BA96C16A8AAFE00708524 /* PDAPIClient.m in Sources */,
				B69BA96F16A8AD3400708524 /* PDIncrementalStore.m in Sources */,
			);
			runOnlyForDeploymentPostprocessing = 0;
		};
/* End PBXSourcesBuildPhase section */

/* Begin PBXVariantGroup section */
		B670F65F1534CCB20045906A /* InfoPlist.strings */ = {
			isa = PBXVariantGroup;
			children = (
				B670F6601534CCB20045906A /* en */,
			);
			name = InfoPlist.strings;
			sourceTree = "<group>";
		};
/* End PBXVariantGroup section */

/* Begin XCBuildConfiguration section */
		B670F6821534CCB30045906A /* Debug */ = {
			isa = XCBuildConfiguration;
			buildSettings = {
				ALWAYS_SEARCH_USER_PATHS = NO;
				ARCHS = "$(ARCHS_STANDARD_32_BIT)";
				CLANG_ENABLE_OBJC_ARC = YES;
				"CODE_SIGN_IDENTITY[sdk=iphoneos*]" = "iPhone Developer";
				COPY_PHASE_STRIP = NO;
				GCC_C_LANGUAGE_STANDARD = gnu99;
				GCC_DYNAMIC_NO_PIC = NO;
				GCC_OPTIMIZATION_LEVEL = 0;
				GCC_PREPROCESSOR_DEFINITIONS = (
					"DEBUG=1",
					"$(inherited)",
				);
				GCC_SYMBOLS_PRIVATE_EXTERN = NO;
				GCC_VERSION = com.apple.compilers.llvm.clang.1_0;
				GCC_WARN_ABOUT_RETURN_TYPE = YES;
				GCC_WARN_UNINITIALIZED_AUTOS = YES;
				GCC_WARN_UNUSED_VARIABLE = YES;
				IPHONEOS_DEPLOYMENT_TARGET = 5.0;
				SDKROOT = iphoneos;
				TARGETED_DEVICE_FAMILY = "1,2";
			};
			name = Debug;
		};
		B670F6831534CCB30045906A /* Release */ = {
			isa = XCBuildConfiguration;
			buildSettings = {
				ALWAYS_SEARCH_USER_PATHS = NO;
				ARCHS = "$(ARCHS_STANDARD_32_BIT)";
				CLANG_ENABLE_OBJC_ARC = YES;
				"CODE_SIGN_IDENTITY[sdk=iphoneos*]" = "iPhone Developer";
				COPY_PHASE_STRIP = YES;
				GCC_C_LANGUAGE_STANDARD = gnu99;
				GCC_VERSION = com.apple.compilers.llvm.clang.1_0;
				GCC_WARN_ABOUT_RETURN_TYPE = YES;
				GCC_WARN_UNINITIALIZED_AUTOS = YES;
				GCC_WARN_UNUSED_VARIABLE = YES;
				IPHONEOS_DEPLOYMENT_TARGET = 5.0;
				OTHER_CFLAGS = "-DNS_BLOCK_ASSERTIONS=1";
				SDKROOT = iphoneos;
				TARGETED_DEVICE_FAMILY = "1,2";
				VALIDATE_PRODUCT = YES;
			};
			name = Release;
		};
		B670F6851534CCB30045906A /* Debug */ = {
			isa = XCBuildConfiguration;
			buildSettings = {
				GCC_PRECOMPILE_PREFIX_HEADER = YES;
				GCC_PREFIX_HEADER = "Poetry-Daily/Poetry-Daily-Prefix.pch";
				INFOPLIST_FILE = "Poetry-Daily/Poetry-Daily-Info.plist";
				IPHONEOS_DEPLOYMENT_TARGET = 5.0;
				LIBRARY_SEARCH_PATHS = "";
				ONLY_ACTIVE_ARCH = NO;
				PRODUCT_NAME = "$(TARGET_NAME)";
				TARGETED_DEVICE_FAMILY = "1,2";
				WRAPPER_EXTENSION = app;
			};
			name = Debug;
		};
		B670F6861534CCB30045906A /* Release */ = {
			isa = XCBuildConfiguration;
			buildSettings = {
				CODE_SIGN_IDENTITY = "iPhone Distribution";
				"CODE_SIGN_IDENTITY[sdk=iphoneos*]" = "iPhone Distribution";
				GCC_PRECOMPILE_PREFIX_HEADER = YES;
				GCC_PREFIX_HEADER = "Poetry-Daily/Poetry-Daily-Prefix.pch";
				INFOPLIST_FILE = "Poetry-Daily/Poetry-Daily-Info.plist";
				IPHONEOS_DEPLOYMENT_TARGET = 5.0;
				LIBRARY_SEARCH_PATHS = "";
				ONLY_ACTIVE_ARCH = NO;
				PRODUCT_NAME = "$(TARGET_NAME)";
				PROVISIONING_PROFILE = "";
				"PROVISIONING_PROFILE[sdk=iphoneos*]" = "";
				TARGETED_DEVICE_FAMILY = "1,2";
				WRAPPER_EXTENSION = app;
			};
			name = Release;
		};
/* End XCBuildConfiguration section */

/* Begin XCConfigurationList section */
		B670F64C1534CCB20045906A /* Build configuration list for PBXProject "Poetry-Daily" */ = {
			isa = XCConfigurationList;
			buildConfigurations = (
				B670F6821534CCB30045906A /* Debug */,
				B670F6831534CCB30045906A /* Release */,
			);
			defaultConfigurationIsVisible = 0;
			defaultConfigurationName = Release;
		};
		B670F6841534CCB30045906A /* Build configuration list for PBXNativeTarget "Poetry-Daily" */ = {
			isa = XCConfigurationList;
			buildConfigurations = (
				B670F6851534CCB30045906A /* Debug */,
				B670F6861534CCB30045906A /* Release */,
			);
			defaultConfigurationIsVisible = 0;
			defaultConfigurationName = Release;
		};
/* End XCConfigurationList section */

/* Begin XCVersionGroup section */
		B63176531578224600B12331 /* PDModel.xcdatamodeld */ = {
			isa = XCVersionGroup;
			children = (
				B63176541578224600B12331 /* PDModel.xcdatamodel */,
			);
			currentVersion = B63176541578224600B12331 /* PDModel.xcdatamodel */;
			path = PDModel.xcdatamodeld;
			sourceTree = "<group>";
			versionGroupType = wrapper.xcdatamodel;
		};
/* End XCVersionGroup section */
	};
	rootObject = B670F6491534CCB20045906A /* Project object */;
}
